<?xml version="1.0" encoding="utf-8"?>
<Project ToolsVersion="4.0" xmlns="http://schemas.microsoft.com/developer/msbuild/2003">
  <ItemGroup>
    <Filter Include="Components">
      <UniqueIdentifier>{14cc0615-506d-4cb2-b805-c376da85f96c}</UniqueIdentifier>
    </Filter>
    <Filter Include="Math">
      <UniqueIdentifier>{5041b3a0-580e-481d-bd74-5a0e6d491357}</UniqueIdentifier>
    </Filter>
    <Filter Include="Properties">
      <UniqueIdentifier>{6522278c-e1d9-463f-becf-ed055a2d201f}</UniqueIdentifier>
    </Filter>
    <Filter Include="Core">
      <UniqueIdentifier>{5d4c57c0-6e9b-4f15-85b0-411fd508f5cd}</UniqueIdentifier>
    </Filter>
    <Filter Include="Types">
      <UniqueIdentifier>{06b22fb7-75e1-4ff2-a844-0367f6eadbc6}</UniqueIdentifier>
    </Filter>
    <Filter Include="Tests">
      <UniqueIdentifier>{91912b7c-2d97-42f4-999e-4976987ccb0b}</UniqueIdentifier>
    </Filter>
    <Filter Include="Systems">
      <UniqueIdentifier>{74210990-6148-4e02-995f-ab11859b19ef}</UniqueIdentifier>
    </Filter>
    <Filter Include="Application">
      <UniqueIdentifier>{00f2688a-c546-4b01-8678-895e6ec79ab4}</UniqueIdentifier>
    </Filter>
    <Filter Include="Containers">
      <UniqueIdentifier>{82b0b89f-8e41-45a0-824a-405d47c4450e}</UniqueIdentifier>
    </Filter>
    <Filter Include="DebugUI">
      <UniqueIdentifier>{ddf752d4-dc51-4c2d-ab6c-eb6d44b50336}</UniqueIdentifier>
    </Filter>
    <Filter Include="Includes">
      <UniqueIdentifier>{6f7b570c-e8a9-463e-a549-5bb17d2ab414}</UniqueIdentifier>
    </Filter>
    <Filter Include="Includes\PCG">
      <UniqueIdentifier>{c8412055-6a87-4a0b-8e46-c078be2d1ea2}</UniqueIdentifier>
    </Filter>
    <Filter Include="Includes\PP Assert">
      <UniqueIdentifier>{16d20338-1fa4-4afd-8d42-1e4b198a3d3f}</UniqueIdentifier>
    </Filter>
    <Filter Include="Includes\gl3w">
      <UniqueIdentifier>{e87999f1-1019-463f-9d68-497df60b60de}</UniqueIdentifier>
    </Filter>
    <Filter Include="Jobs">
      <UniqueIdentifier>{b44a65d4-1a70-45cc-b448-f311fd301d07}</UniqueIdentifier>
    </Filter>
    <Filter Include="Messaging">
      <UniqueIdentifier>{81c3db90-4cb0-48f4-b975-6bc058b48c4d}</UniqueIdentifier>
    </Filter>
    <Filter Include="Rendering">
      <UniqueIdentifier>{ded36cdd-4bfa-4719-b778-bbddfc305d7a}</UniqueIdentifier>
    </Filter>
    <Filter Include="Input">
      <UniqueIdentifier>{26287e03-283d-43d3-9a8c-3965659777b7}</UniqueIdentifier>
    </Filter>
    <Filter Include="Includes\stb">
      <UniqueIdentifier>{a6d272e9-35c9-466a-9682-69fa40ba0a3a}</UniqueIdentifier>
    </Filter>
    <Filter Include="Networking">
      <UniqueIdentifier>{96ea3d00-f897-4b95-be6c-dcf3fa40176c}</UniqueIdentifier>
    </Filter>
    <Filter Include="File">
      <UniqueIdentifier>{27d6d938-19b2-489f-bccb-1ac1423dffd3}</UniqueIdentifier>
    </Filter>
    <Filter Include="FSM">
      <UniqueIdentifier>{0f221ad0-206e-4f33-80fd-23a4b912c724}</UniqueIdentifier>
    </Filter>
    <Filter Include="Terrain">
      <UniqueIdentifier>{758bee55-cb5e-4124-9267-662811966cfc}</UniqueIdentifier>
    </Filter>
    <Filter Include="Includes\glm">
      <UniqueIdentifier>{468c9f6f-eacc-4308-9c92-3a2397200665}</UniqueIdentifier>
    </Filter>
    <Filter Include="Includes\Remotery">
      <UniqueIdentifier>{58c842eb-9aa0-4b70-a0f0-cb124cdd8966}</UniqueIdentifier>
    </Filter>
    <Filter Include="Entities">
      <UniqueIdentifier>{ee689d3c-b742-422d-9a3a-910f8d2d5092}</UniqueIdentifier>
    </Filter>
    <Filter Include="Renderers">
      <UniqueIdentifier>{dda37baf-e031-4586-bed1-3db9ec844c8e}</UniqueIdentifier>
    </Filter>
    <Filter Include="Includes\nlohmann">
      <UniqueIdentifier>{265b6ce4-a786-48c0-8306-41cd03eee487}</UniqueIdentifier>
    </Filter>
    <Filter Include="Includes\fmt">
      <UniqueIdentifier>{9d6d39d5-6e90-4949-8c7f-50276126f17b}</UniqueIdentifier>
    </Filter>
    <Filter Include="JSON">
      <UniqueIdentifier>{9e9437c3-6054-4e4e-a162-f654ac86e1fb}</UniqueIdentifier>
    </Filter>
    <Filter Include="Mesh">
      <UniqueIdentifier>{e4f926ed-57fd-4048-ae7c-446053c11030}</UniqueIdentifier>
    </Filter>
    <Filter Include="Rendering\Commands">
      <UniqueIdentifier>{ad0517d3-bcdf-4c04-a0a6-73b304d9b410}</UniqueIdentifier>
    </Filter>
    <Filter Include="Includes\tinygltf">
      <UniqueIdentifier>{904a51d6-0d08-4c61-bddc-9f3cdb0adcdd}</UniqueIdentifier>
    </Filter>
    <Filter Include="Includes\imgui">
      <UniqueIdentifier>{01eba49b-77d5-4950-9264-4f4c07d92ed3}</UniqueIdentifier>
    </Filter>
    <Filter Include="Assets">
      <UniqueIdentifier>{5729b7d4-6f1b-40aa-ac36-3b353e12b793}</UniqueIdentifier>
    </Filter>
    <Filter Include="Games">
      <UniqueIdentifier>{0e52d069-7158-418c-bb41-833200ce8a97}</UniqueIdentifier>
    </Filter>
    <Filter Include="Games\Lux">
      <UniqueIdentifier>{a6c54984-6d7a-4674-b2f4-9cef58b6aecd}</UniqueIdentifier>
    </Filter>
    <Filter Include="Games\Neutrino">
      <UniqueIdentifier>{f1d03ad5-bd78-497a-8b18-658df003f9e4}</UniqueIdentifier>
    </Filter>
    <Filter Include="Components\d2d">
      <UniqueIdentifier>{f817f31e-77d0-4376-a44d-aa0f67ce28c4}</UniqueIdentifier>
    </Filter>
    <Filter Include="Games\StressTest">
      <UniqueIdentifier>{a0bb3619-55c3-4da2-9d50-a761aaadd759}</UniqueIdentifier>
    </Filter>
  </ItemGroup>
  <ItemGroup>
    <ClInclude Include="src\TransformComponent.h">
      <Filter>Components</Filter>
    </ClInclude>
    <ClInclude Include="src\Recorder.h">
      <Filter>Properties</Filter>
    </ClInclude>
    <ClInclude Include="src\OctreeComponent.h">
      <Filter>Components</Filter>
    </ClInclude>
    <ClInclude Include="src\ScopedTimer.h">
      <Filter>Core</Filter>
    </ClInclude>
    <ClInclude Include="src\TypeInfo.h">
      <Filter>Types</Filter>
    </ClInclude>
    <ClInclude Include="src\Member.h">
      <Filter>Types</Filter>
    </ClInclude>
    <ClInclude Include="src\Property.h">
      <Filter>Properties</Filter>
    </ClInclude>
    <ClInclude Include="src\PropertyList.h">
      <Filter>Properties</Filter>
    </ClInclude>
    <ClInclude Include="src\Tests.h">
      <Filter>Tests</Filter>
    </ClInclude>
    <ClInclude Include="src\Timer.h">
      <Filter>Core</Filter>
    </ClInclude>
    <ClInclude Include="src\Vector.h">
      <Filter>Containers</Filter>
    </ClInclude>
    <ClInclude Include="src\AutoList.h">
      <Filter>Containers</Filter>
    </ClInclude>
    <ClInclude Include="src\DenseMap.h">
      <Filter>Containers</Filter>
    </ClInclude>
    <ClInclude Include="src\DoubleBuffer.h">
      <Filter>Containers</Filter>
    </ClInclude>
    <ClInclude Include="src\Hash.h">
      <Filter>Containers</Filter>
    </ClInclude>
    <ClInclude Include="src\RemoveQualifiers.h">
      <Filter>Types</Filter>
    </ClInclude>
    <ClInclude Include="src\String_dd.h">
      <Filter>Containers</Filter>
    </ClInclude>
    <ClInclude Include="src\Exception.h">
      <Filter>Core</Filter>
    </ClInclude>
    <ClInclude Include="src\Iteration.h">
      <Filter>Core</Filter>
    </ClInclude>
    <ClInclude Include="src\Function.h">
      <Filter>Types</Filter>
    </ClInclude>
    <ClInclude Include="src\Variable.h">
      <Filter>Types</Filter>
    </ClInclude>
    <ClInclude Include="src\FunctionSignature.h">
      <Filter>Types</Filter>
    </ClInclude>
    <ClInclude Include="src\Typedefs.h">
      <Filter>Types</Filter>
    </ClInclude>
    <ClInclude Include="src\TypeInfoMacros.h">
      <Filter>Types</Filter>
    </ClInclude>
    <ClInclude Include="src\Array.h">
      <Filter>Containers</Filter>
    </ClInclude>
    <ClInclude Include="src\ContainerHelpers.h">
      <Filter>Containers</Filter>
    </ClInclude>
    <ClInclude Include="src\TypeInfoHelpers.h">
      <Filter>Types</Filter>
    </ClInclude>
    <ClInclude Include="src\Random.h">
      <Filter>Core</Filter>
    </ClInclude>
    <ClInclude Include="src\Buffer.h">
      <Filter>Containers</Filter>
    </ClInclude>
    <ClInclude Include="src\DDAssert.h">
      <Filter>Core</Filter>
    </ClInclude>
    <ClInclude Include="src\DebugUI.h">
      <Filter>DebugUI</Filter>
    </ClInclude>
    <ClInclude Include="src\CommandLine.h">
      <Filter>Application</Filter>
    </ClInclude>
    <ClInclude Include="src\Tests\TestTypes.h">
      <Filter>Tests</Filter>
    </ClInclude>
    <ClInclude Include="src\DebugConsole.h">
      <Filter>Application</Filter>
    </ClInclude>
    <ClInclude Include="src\Globals.h">
      <Filter>Core</Filter>
    </ClInclude>
    <ClInclude Include="include\pcg\pcg_extras.hpp">
      <Filter>Includes\PCG</Filter>
    </ClInclude>
    <ClInclude Include="include\pcg\pcg_random.hpp">
      <Filter>Includes\PCG</Filter>
    </ClInclude>
    <ClInclude Include="include\pcg\pcg_uint128.hpp">
      <Filter>Includes\PCG</Filter>
    </ClInclude>
    <ClInclude Include="src\PP_Assert.h">
      <Filter>Includes\PP Assert</Filter>
    </ClInclude>
    <ClInclude Include="include\gl3w\include\GL\gl3w.h">
      <Filter>Includes\gl3w</Filter>
    </ClInclude>
    <ClInclude Include="src\JobSystem.h">
      <Filter>Jobs</Filter>
    </ClInclude>
    <ClInclude Include="src\Profiler.h">
      <Filter>Application</Filter>
    </ClInclude>
    <ClInclude Include="include\glm\fwd.hpp">
      <Filter>Includes\glm</Filter>
    </ClInclude>
    <ClInclude Include="include\glm\glm.hpp">
      <Filter>Includes\glm</Filter>
    </ClInclude>
    <ClInclude Include="src\AABB.h">
      <Filter>Math</Filter>
    </ClInclude>
    <ClInclude Include="src\Plane.h">
      <Filter>Math</Filter>
    </ClInclude>
    <ClInclude Include="src\AABBOctree.h">
      <Filter>Math</Filter>
    </ClInclude>
    <ClInclude Include="src\SharedString.h">
      <Filter>Containers</Filter>
    </ClInclude>
    <ClInclude Include="src\DLL.h">
      <Filter>Core</Filter>
    </ClInclude>
    <ClInclude Include="src\RingBuffer.h">
      <Filter>Containers</Filter>
    </ClInclude>
    <ClInclude Include="src\MessageQueue.h">
      <Filter>Messaging</Filter>
    </ClInclude>
    <ClInclude Include="src\PlayerComponent.h">
      <Filter>Components</Filter>
    </ClInclude>
    <ClInclude Include="src\InputAction.h">
      <Filter>Input</Filter>
    </ClInclude>
    <ClInclude Include="src\FreeCameraController.h">
      <Filter>Input</Filter>
    </ClInclude>
    <ClInclude Include="src\MeshComponent.h">
      <Filter>Components</Filter>
    </ClInclude>
    <ClInclude Include="src\Frustum.h">
      <Filter>Rendering</Filter>
    </ClInclude>
    <ClInclude Include="src\VAO.h">
      <Filter>Rendering</Filter>
    </ClInclude>
    <ClInclude Include="src\GLError.h">
      <Filter>Rendering</Filter>
    </ClInclude>
    <ClInclude Include="src\VBO.h">
      <Filter>Rendering</Filter>
    </ClInclude>
    <ClInclude Include="include\stb\stb_image_write.h">
      <Filter>Includes\stb</Filter>
    </ClInclude>
    <ClInclude Include="src\Memory.h">
      <Filter>Core</Filter>
    </ClInclude>
    <ClInclude Include="src\Socket.h">
      <Filter>Networking</Filter>
    </ClInclude>
    <ClInclude Include="src\File.h">
      <Filter>File</Filter>
    </ClInclude>
    <ClInclude Include="src\MousePicking.h">
      <Filter>Input</Filter>
    </ClInclude>
    <ClInclude Include="src\Ray.h">
      <Filter>Math</Filter>
    </ClInclude>
    <ClInclude Include="src\FrameTimer.h">
      <Filter>Application</Filter>
    </ClInclude>
    <ClInclude Include="src\LightComponent.h">
      <Filter>Components</Filter>
    </ClInclude>
    <ClInclude Include="src\ShakyCamera.h">
      <Filter>Rendering</Filter>
    </ClInclude>
    <ClInclude Include="src\ICamera.h">
      <Filter>Rendering</Filter>
    </ClInclude>
    <ClInclude Include="src\OpenGL.h">
      <Filter>Rendering</Filter>
    </ClInclude>
    <ClInclude Include="src\FrameBuffer.h">
      <Filter>Rendering</Filter>
    </ClInclude>
    <ClInclude Include="src\FSM.h">
      <Filter>FSM</Filter>
    </ClInclude>
    <ClInclude Include="src\FunctionView.h">
      <Filter>Types</Filter>
    </ClInclude>
    <ClInclude Include="src\DDAssertHelpers.h">
      <Filter>Core</Filter>
    </ClInclude>
    <ClInclude Include="src\Span.h">
      <Filter>Containers</Filter>
    </ClInclude>
    <ClInclude Include="src\BVHTree.h">
      <Filter>Math</Filter>
    </ClInclude>
    <ClInclude Include="src\Uniforms.h">
      <Filter>Rendering</Filter>
    </ClInclude>
    <ClInclude Include="src\IDebugPanel.h">
      <Filter>DebugUI</Filter>
    </ClInclude>
    <ClInclude Include="include\Remotery\lib\Remotery.h">
      <Filter>Includes\Remotery</Filter>
    </ClInclude>
    <ClInclude Include="src\ParticleSystem.h">
      <Filter>Systems</Filter>
    </ClInclude>
    <ClInclude Include="src\Units.h">
      <Filter>Math</Filter>
    </ClInclude>
    <ClInclude Include="src\RenderData.h">
      <Filter>Rendering</Filter>
    </ClInclude>
    <ClInclude Include="src\ComponentBuffer.h">
      <Filter>Entities</Filter>
    </ClInclude>
    <ClInclude Include="src\SystemsSorting.h">
      <Filter>Entities</Filter>
    </ClInclude>
    <ClInclude Include="src\UpdateData.h">
      <Filter>Entities</Filter>
    </ClInclude>
    <ClInclude Include="src\Renderer.h">
      <Filter>Rendering</Filter>
    </ClInclude>
    <ClInclude Include="src\HitTest.h">
      <Filter>Math</Filter>
    </ClInclude>
    <ClInclude Include="src\BoundsRenderer.h">
      <Filter>Renderers</Filter>
    </ClInclude>
    <ClInclude Include="src\LightRenderer.h">
      <Filter>Renderers</Filter>
    </ClInclude>
    <ClInclude Include="src\MeshRenderer.h">
      <Filter>Renderers</Filter>
    </ClInclude>
    <ClInclude Include="src\WorldRenderer.h">
      <Filter>Renderers</Filter>
    </ClInclude>
    <ClInclude Include="src\ParticleSystemComponent.h">
      <Filter>Components</Filter>
    </ClInclude>
    <ClInclude Include="src\RayRenderer.h">
      <Filter>Renderers</Filter>
    </ClInclude>
    <ClInclude Include="src\RayComponent.h">
      <Filter>Components</Filter>
    </ClInclude>
    <ClInclude Include="src\DataRequest.h">
      <Filter>Entities</Filter>
    </ClInclude>
    <ClInclude Include="src\HitTestSystem.h">
      <Filter>Systems</Filter>
    </ClInclude>
    <ClInclude Include="src\IAsyncHitTest.h">
      <Filter>Systems</Filter>
    </ClInclude>
    <ClInclude Include="src\HitResult.h">
      <Filter>Systems</Filter>
    </ClInclude>
    <ClInclude Include="src\PhysicsSystem.h">
      <Filter>Systems</Filter>
    </ClInclude>
    <ClInclude Include="src\BoundBoxComponent.h">
      <Filter>Components</Filter>
    </ClInclude>
    <ClInclude Include="src\BoundSphereComponent.h">
      <Filter>Components</Filter>
    </ClInclude>
    <ClInclude Include="src\BoundsHelpers.h">
      <Filter>Math</Filter>
    </ClInclude>
    <ClInclude Include="src\Sphere.h">
      <Filter>Math</Filter>
    </ClInclude>
    <ClInclude Include="src\PhysicsSphereComponent.h">
      <Filter>Components</Filter>
    </ClInclude>
    <ClInclude Include="src\PhysicsPlaneComponent.h">
      <Filter>Components</Filter>
    </ClInclude>
    <ClInclude Include="src\System.h">
      <Filter>Systems</Filter>
    </ClInclude>
    <ClInclude Include="src\ColourComponent.h">
      <Filter>Components</Filter>
    </ClInclude>
    <ClInclude Include="src\IInputSource.h">
      <Filter>Input</Filter>
    </ClInclude>
    <ClInclude Include="src\PCH.h">
      <Filter>Core</Filter>
    </ClInclude>
    <ClInclude Include="src\MessageType.h">
      <Filter>Messaging</Filter>
    </ClInclude>
    <ClInclude Include="src\EntityPrototype.h">
      <Filter>Entities</Filter>
    </ClInclude>
    <ClInclude Include="src\EntityVisualizer.h">
      <Filter>DebugUI</Filter>
    </ClInclude>
    <ClInclude Include="include\nlohmann\json.hpp">
      <Filter>Includes\nlohmann</Filter>
    </ClInclude>
    <ClInclude Include="include\fmt\include\fmt\color.h">
      <Filter>Includes\fmt</Filter>
    </ClInclude>
    <ClInclude Include="include\fmt\include\fmt\core.h">
      <Filter>Includes\fmt</Filter>
    </ClInclude>
    <ClInclude Include="include\fmt\include\fmt\format.h">
      <Filter>Includes\fmt</Filter>
    </ClInclude>
    <ClInclude Include="include\fmt\include\fmt\format-inl.h">
      <Filter>Includes\fmt</Filter>
    </ClInclude>
    <ClInclude Include="include\fmt\include\fmt\ostream.h">
      <Filter>Includes\fmt</Filter>
    </ClInclude>
    <ClInclude Include="include\fmt\include\fmt\posix.h">
      <Filter>Includes\fmt</Filter>
    </ClInclude>
    <ClInclude Include="include\fmt\include\fmt\printf.h">
      <Filter>Includes\fmt</Filter>
    </ClInclude>
    <ClInclude Include="include\fmt\include\fmt\ranges.h">
      <Filter>Includes\fmt</Filter>
    </ClInclude>
    <ClInclude Include="include\fmt\include\fmt\time.h">
      <Filter>Includes\fmt</Filter>
    </ClInclude>
    <ClInclude Include="src\PhysicsRigidBodyComponent.h">
      <Filter>Components</Filter>
    </ClInclude>
    <ClInclude Include="src\PhysicsBase.h">
      <Filter>Components</Filter>
    </ClInclude>
    <ClInclude Include="src\JSON.h">
      <Filter>JSON</Filter>
    </ClInclude>
    <ClInclude Include="src\HandleManager.h">
      <Filter>Containers</Filter>
    </ClInclude>
    <ClInclude Include="src\RenderState.h">
      <Filter>Rendering</Filter>
    </ClInclude>
    <ClInclude Include="src\ShaderPart.h">
      <Filter>Rendering</Filter>
    </ClInclude>
    <ClInclude Include="src\LinesComponent.h">
      <Filter>Components</Filter>
    </ClInclude>
    <ClInclude Include="src\LinesRenderer.h">
      <Filter>Renderers</Filter>
    </ClInclude>
    <ClInclude Include="src\Noise.h">
      <Filter>Math</Filter>
    </ClInclude>
    <ClInclude Include="src\MeshUtils.h">
      <Filter>Mesh</Filter>
    </ClInclude>
    <ClInclude Include="src\Triangulator.h">
      <Filter>Mesh</Filter>
    </ClInclude>
    <ClInclude Include="src\MeshRenderCommand.h">
      <Filter>Rendering\Commands</Filter>
    </ClInclude>
    <ClInclude Include="src\RenderCommand.h">
      <Filter>Rendering\Commands</Filter>
    </ClInclude>
    <ClInclude Include="src\CommandBuffer.h">
      <Filter>Rendering\Commands</Filter>
    </ClInclude>
    <ClInclude Include="src\ShadowMap.h">
      <Filter>Rendering</Filter>
    </ClInclude>
    <ClInclude Include="src\Services.h">
      <Filter>Core</Filter>
    </ClInclude>
    <ClInclude Include="src\TestEntities.h">
      <Filter>Entities</Filter>
    </ClInclude>
    <ClInclude Include="src\IGame.h">
      <Filter>Games</Filter>
    </ClInclude>
    <ClInclude Include="include\stb\stb_image.h">
      <Filter>Includes\stb</Filter>
    </ClInclude>
    <ClInclude Include="include\tinygltf\tinygltf.h">
      <Filter>Includes\tinygltf</Filter>
    </ClInclude>
    <ClInclude Include="src\SoundComponent.h">
      <Filter>Components</Filter>
    </ClInclude>
    <ClInclude Include="include\imgui\imconfig.h">
      <Filter>Includes\imgui</Filter>
    </ClInclude>
    <ClInclude Include="include\imgui\imgui.h">
      <Filter>Includes\imgui</Filter>
    </ClInclude>
    <ClInclude Include="include\imgui\imgui_internal.h">
      <Filter>Includes\imgui</Filter>
    </ClInclude>
    <ClInclude Include="include\imgui\imstb_rectpack.h">
      <Filter>Includes\imgui</Filter>
    </ClInclude>
    <ClInclude Include="include\imgui\imstb_textedit.h">
      <Filter>Includes\imgui</Filter>
    </ClInclude>
    <ClInclude Include="include\imgui\imstb_truetype.h">
      <Filter>Includes\imgui</Filter>
    </ClInclude>
    <ClInclude Include="include\imgui\imgui_impl_opengl3.h">
      <Filter>Includes\imgui</Filter>
    </ClInclude>
    <ClInclude Include="src\ImGuiBinding.h">
      <Filter>DebugUI</Filter>
    </ClInclude>
    <ClInclude Include="src\IWindow.h">
      <Filter>Application</Filter>
    </ClInclude>
    <ClInclude Include="src\SFMLInputSource.h">
      <Filter>Input</Filter>
    </ClInclude>
    <ClInclude Include="src\SFMLWindow.h">
      <Filter>Application</Filter>
    </ClInclude>
    <ClInclude Include="src\PlaneComponent.h">
      <Filter>Components</Filter>
    </ClInclude>
    <ClInclude Include="src\PlaneRenderer.h">
      <Filter>Renderers</Filter>
    </ClInclude>
    <ClInclude Include="src\Math_dd.h">
      <Filter>Math</Filter>
    </ClInclude>
    <ClInclude Include="src\SpriteRenderer.h">
      <Filter>Renderers</Filter>
    </ClInclude>
    <ClInclude Include="src\ParticleSystemRenderer.h">
      <Filter>Renderers</Filter>
    </ClInclude>
    <ClInclude Include="src\Sprite.h">
      <Filter>Rendering</Filter>
    </ClInclude>
    <ClInclude Include="src\Texture.h">
      <Filter>Assets</Filter>
    </ClInclude>
    <ClInclude Include="src\Shader.h">
      <Filter>Assets</Filter>
    </ClInclude>
    <ClInclude Include="src\Mesh.h">
      <Filter>Assets</Filter>
    </ClInclude>
    <ClInclude Include="src\Material.h">
      <Filter>Assets</Filter>
    </ClInclude>
    <ClInclude Include="src\OrthoCamera.h">
      <Filter>Rendering</Filter>
    </ClInclude>
    <ClInclude Include="src\InputMode.h">
      <Filter>Input</Filter>
    </ClInclude>
    <ClInclude Include="src\SpriteSheet.h">
      <Filter>Assets</Filter>
    </ClInclude>
    <ClInclude Include="src\EnumFlags.h">
      <Filter>Containers</Filter>
    </ClInclude>
    <ClInclude Include="src\InputKeys.h">
      <Filter>Input</Filter>
    </ClInclude>
    <ClInclude Include="src\InputEvent.h">
      <Filter>Input</Filter>
    </ClInclude>
    <ClInclude Include="src\InputKeyBindings.h">
      <Filter>Input</Filter>
    </ClInclude>
    <ClInclude Include="src\Input.h">
      <Filter>Input</Filter>
    </ClInclude>
    <ClInclude Include="src\EntitySpace.h">
      <Filter>Entities</Filter>
    </ClInclude>
    <ClInclude Include="src\SystemManager.h">
      <Filter>Systems</Filter>
    </ClInclude>
    <ClInclude Include="src\Flags.h">
      <Filter>Containers</Filter>
    </ClInclude>
    <ClInclude Include="src\UpdateDataBuffer.h">
      <Filter>Entities</Filter>
    </ClInclude>
    <ClInclude Include="src\ScratchEntity.h">
      <Filter>Entities</Filter>
    </ClInclude>
    <ClInclude Include="src\Entity.h">
      <Filter>Entities</Filter>
    </ClInclude>
    <ClInclude Include="src\FPSCameraComponent.h">
      <Filter>Components</Filter>
    </ClInclude>
    <ClInclude Include="src\neutrino\BulletComponent.h">
      <Filter>Games\Neutrino</Filter>
    </ClInclude>
    <ClInclude Include="src\neutrino\BulletSystem.h">
      <Filter>Games\Neutrino</Filter>
    </ClInclude>
    <ClInclude Include="src\neutrino\NeutrinoGame.h">
      <Filter>Games\Neutrino</Filter>
    </ClInclude>
    <ClInclude Include="src\neutrino\SwarmAgentComponent.h">
      <Filter>Games\Neutrino</Filter>
    </ClInclude>
    <ClInclude Include="src\neutrino\SwarmSystem.h">
      <Filter>Games\Neutrino</Filter>
    </ClInclude>
    <ClInclude Include="src\neutrino\TreeComponent.h">
      <Filter>Games\Neutrino</Filter>
    </ClInclude>
    <ClInclude Include="src\neutrino\TreeSystem.h">
      <Filter>Games\Neutrino</Filter>
    </ClInclude>
    <ClInclude Include="src\neutrino\TrenchComponent.h">
      <Filter>Games\Neutrino</Filter>
    </ClInclude>
    <ClInclude Include="src\neutrino\TrenchSystem.h">
      <Filter>Games\Neutrino</Filter>
    </ClInclude>
    <ClInclude Include="src\neutrino\WaterComponent.h">
      <Filter>Games\Neutrino</Filter>
    </ClInclude>
    <ClInclude Include="src\neutrino\WaterRenderer.h">
      <Filter>Games\Neutrino</Filter>
    </ClInclude>
    <ClInclude Include="src\neutrino\WaterSystem.h">
      <Filter>Games\Neutrino</Filter>
    </ClInclude>
    <ClInclude Include="src\lux\LuxportGame.h">
      <Filter>Games\Lux</Filter>
    </ClInclude>
    <ClInclude Include="src\lux\LuxportMap.h">
      <Filter>Games\Lux</Filter>
    </ClInclude>
    <ClInclude Include="src\neutrino\ShipComponent.h">
      <Filter>Games\Neutrino</Filter>
    </ClInclude>
    <ClInclude Include="src\neutrino\ShipSystem.h">
      <Filter>Games\Neutrino</Filter>
    </ClInclude>
    <ClInclude Include="src\lux\LuxLightRenderer.h">
      <Filter>Games\Lux</Filter>
    </ClInclude>
    <ClInclude Include="src\lux\LuxLightComponent.h">
      <Filter>Games\Lux</Filter>
    </ClInclude>
    <ClInclude Include="src\d2d\SpriteAnimationComponent.h">
      <Filter>Components</Filter>
    </ClInclude>
    <ClInclude Include="src\d2d\SpriteComponent.h">
      <Filter>Components</Filter>
    </ClInclude>
    <ClInclude Include="src\d2d\SpriteTileComponent.h">
      <Filter>Components</Filter>
    </ClInclude>
    <ClInclude Include="src\d2d\Physics2DSystem.h">
      <Filter>Systems</Filter>
    </ClInclude>
    <ClInclude Include="src\neutrino\TerrainChunk.h">
      <Filter>Terrain</Filter>
    </ClInclude>
    <ClInclude Include="src\neutrino\TerrainChunkComponent.h">
      <Filter>Terrain</Filter>
    </ClInclude>
    <ClInclude Include="src\neutrino\TerrainParameters.h">
      <Filter>Terrain</Filter>
    </ClInclude>
    <ClInclude Include="src\neutrino\TerrainRenderer.h">
      <Filter>Terrain</Filter>
    </ClInclude>
    <ClInclude Include="src\neutrino\TerrainSystem.h">
      <Filter>Terrain</Filter>
    </ClInclude>
    <ClInclude Include="src\d2d\SpriteAnimationSystem.h">
      <Filter>Systems</Filter>
    </ClInclude>
    <ClInclude Include="src\d2d\SpriteTileSystem.h">
      <Filter>Systems</Filter>
    </ClInclude>
    <ClInclude Include="src\d2d\BoxPhysicsComponent.h">
      <Filter>Components\d2d</Filter>
    </ClInclude>
    <ClInclude Include="src\d2d\CirclePhysicsComponent.h">
      <Filter>Components\d2d</Filter>
    </ClInclude>
    <ClInclude Include="src\stress\StressTestGame.h">
      <Filter>Games\StressTest</Filter>
    </ClInclude>
  </ItemGroup>
  <ItemGroup>
    <ClCompile Include="src\Recorder.cpp">
      <Filter>Properties</Filter>
    </ClCompile>
    <ClCompile Include="src\Main.cpp" />
    <ClCompile Include="src\TypeInfo.cpp">
      <Filter>Types</Filter>
    </ClCompile>
    <ClCompile Include="src\Member.cpp">
      <Filter>Types</Filter>
    </ClCompile>
    <ClCompile Include="src\Property.cpp">
      <Filter>Properties</Filter>
    </ClCompile>
    <ClCompile Include="src\PropertyList.cpp">
      <Filter>Properties</Filter>
    </ClCompile>
    <ClCompile Include="src\Tests\Tests.cpp">
      <Filter>Tests</Filter>
    </ClCompile>
    <ClCompile Include="src\Tests\PropertyListTests.cpp">
      <Filter>Tests</Filter>
    </ClCompile>
    <ClCompile Include="src\Tests\RecorderTests.cpp">
      <Filter>Tests</Filter>
    </ClCompile>
    <ClCompile Include="src\ScopedTimer.cpp">
      <Filter>Core</Filter>
    </ClCompile>
    <ClCompile Include="src\Timer.cpp">
      <Filter>Core</Filter>
    </ClCompile>
    <ClCompile Include="src\Tests\TimerTests.cpp">
      <Filter>Tests</Filter>
    </ClCompile>
    <ClCompile Include="src\Hash.cpp">
      <Filter>Containers</Filter>
    </ClCompile>
    <ClCompile Include="src\String_dd.cpp">
      <Filter>Containers</Filter>
    </ClCompile>
    <ClCompile Include="src\Exception.cpp">
      <Filter>Core</Filter>
    </ClCompile>
    <ClCompile Include="src\Function.cpp">
      <Filter>Types</Filter>
    </ClCompile>
    <ClCompile Include="src\Variable.cpp">
      <Filter>Types</Filter>
    </ClCompile>
    <ClCompile Include="src\Array.cpp">
      <Filter>Containers</Filter>
    </ClCompile>
    <ClCompile Include="src\FunctionSignature.cpp">
      <Filter>Types</Filter>
    </ClCompile>
    <ClCompile Include="src\Random.cpp">
      <Filter>Core</Filter>
    </ClCompile>
    <ClCompile Include="src\DebugUI.cpp">
      <Filter>DebugUI</Filter>
    </ClCompile>
    <ClCompile Include="src\CommandLine.cpp">
      <Filter>Application</Filter>
    </ClCompile>
    <ClCompile Include="src\Tests\ArrayTests.cpp">
      <Filter>Tests</Filter>
    </ClCompile>
    <ClCompile Include="src\Tests\CommandLineTests.cpp">
      <Filter>Tests</Filter>
    </ClCompile>
    <ClCompile Include="src\Tests\DenseMapTests.cpp">
      <Filter>Tests</Filter>
    </ClCompile>
    <ClCompile Include="src\Tests\RandomTests.cpp">
      <Filter>Tests</Filter>
    </ClCompile>
    <ClCompile Include="src\Tests\SerializerTests.cpp">
      <Filter>Tests</Filter>
    </ClCompile>
    <ClCompile Include="src\Tests\StringTests.cpp">
      <Filter>Tests</Filter>
    </ClCompile>
    <ClCompile Include="src\Tests\TestTypes.cpp">
      <Filter>Tests</Filter>
    </ClCompile>
    <ClCompile Include="src\Tests\VectorTests.cpp">
      <Filter>Tests</Filter>
    </ClCompile>
    <ClCompile Include="src\Globals.cpp">
      <Filter>Core</Filter>
    </ClCompile>
    <ClCompile Include="src\DebugConsole.cpp">
      <Filter>Application</Filter>
    </ClCompile>
    <ClCompile Include="src\PP_Assert.cpp">
      <Filter>Includes\PP Assert</Filter>
    </ClCompile>
    <ClCompile Include="include\gl3w\src\gl3w.c">
      <Filter>Includes\gl3w</Filter>
    </ClCompile>
    <ClCompile Include="src\JobSystem.cpp">
      <Filter>Jobs</Filter>
    </ClCompile>
    <ClCompile Include="src\AABB.cpp">
      <Filter>Math</Filter>
    </ClCompile>
    <ClCompile Include="src\Plane.cpp">
      <Filter>Math</Filter>
    </ClCompile>
    <ClCompile Include="src\Tests\AABBOctreeTests.cpp">
      <Filter>Tests</Filter>
    </ClCompile>
    <ClCompile Include="src\AABBOctree.cpp">
      <Filter>Math</Filter>
    </ClCompile>
    <ClCompile Include="src\SharedString.cpp">
      <Filter>Containers</Filter>
    </ClCompile>
    <ClCompile Include="src\Tests\MessageQueueTests.cpp">
      <Filter>Tests</Filter>
    </ClCompile>
    <ClCompile Include="src\RingBufferTests.cpp">
      <Filter>Tests</Filter>
    </ClCompile>
    <ClCompile Include="src\MessageQueue.cpp">
      <Filter>Messaging</Filter>
    </ClCompile>
    <ClCompile Include="src\Tests\DoubleBufferTests.cpp">
      <Filter>Tests</Filter>
    </ClCompile>
    <ClCompile Include="src\Tests\TypeInfoTests.cpp">
      <Filter>Tests</Filter>
    </ClCompile>
    <ClCompile Include="src\tests\FunctionTests.cpp">
      <Filter>Tests</Filter>
    </ClCompile>
    <ClCompile Include="src\FreeCameraController.cpp">
      <Filter>Input</Filter>
    </ClCompile>
    <ClCompile Include="src\MeshComponent.cpp">
      <Filter>Components</Filter>
    </ClCompile>
    <ClCompile Include="src\Frustum.cpp">
      <Filter>Rendering</Filter>
    </ClCompile>
    <ClCompile Include="src\FrustumTests.cpp">
      <Filter>Tests</Filter>
    </ClCompile>
    <ClCompile Include="src\VAO.cpp">
      <Filter>Rendering</Filter>
    </ClCompile>
    <ClCompile Include="src\GLError.cpp">
      <Filter>Rendering</Filter>
    </ClCompile>
    <ClCompile Include="src\VBO.cpp">
      <Filter>Rendering</Filter>
    </ClCompile>
    <ClCompile Include="include\stb\stb_image_write.cpp">
      <Filter>Includes\stb</Filter>
    </ClCompile>
    <ClCompile Include="src\Socket.cpp">
      <Filter>Networking</Filter>
    </ClCompile>
    <ClCompile Include="src\Tests\BinarySerializerTests.cpp">
      <Filter>Tests</Filter>
    </ClCompile>
    <ClCompile Include="src\File.cpp">
      <Filter>File</Filter>
    </ClCompile>
    <ClCompile Include="src\DoubleBuffer.cpp">
      <Filter>Containers</Filter>
    </ClCompile>
    <ClCompile Include="src\TransformComponent.cpp">
      <Filter>Components</Filter>
    </ClCompile>
    <ClCompile Include="src\Ray.cpp">
      <Filter>Math</Filter>
    </ClCompile>
    <ClCompile Include="src\MousePicking.cpp">
      <Filter>Input</Filter>
    </ClCompile>
    <ClCompile Include="src\FrameTimer.cpp">
      <Filter>Application</Filter>
    </ClCompile>
    <ClCompile Include="src\Tests\PlaneTests.cpp">
      <Filter>Tests</Filter>
    </ClCompile>
    <ClCompile Include="src\Tests\TerrainChunkTests.cpp">
      <Filter>Tests</Filter>
    </ClCompile>
    <ClCompile Include="src\LightComponent.cpp">
      <Filter>Components</Filter>
    </ClCompile>
    <ClCompile Include="src\ShakyCamera.cpp">
      <Filter>Rendering</Filter>
    </ClCompile>
    <ClCompile Include="src\Buffer.cpp">
      <Filter>Containers</Filter>
    </ClCompile>
    <ClCompile Include="src\OpenGL.cpp">
      <Filter>Rendering</Filter>
    </ClCompile>
    <ClCompile Include="src\FrameBuffer.cpp">
      <Filter>Rendering</Filter>
    </ClCompile>
    <ClCompile Include="src\FSM.cpp">
      <Filter>FSM</Filter>
    </ClCompile>
    <ClCompile Include="src\DDAssertHelpers.cpp">
      <Filter>Core</Filter>
    </ClCompile>
    <ClCompile Include="src\Tests\EntityTests.cpp">
      <Filter>Tests</Filter>
    </ClCompile>
    <ClCompile Include="src\BVHTree.cpp">
      <Filter>Math</Filter>
    </ClCompile>
    <ClCompile Include="src\Tests\BVHTreeTests.cpp">
      <Filter>Tests</Filter>
    </ClCompile>
    <ClCompile Include="src\Uniforms.cpp">
      <Filter>Rendering</Filter>
    </ClCompile>
    <ClCompile Include="src\IDebugPanel.cpp">
      <Filter>DebugUI</Filter>
    </ClCompile>
    <ClCompile Include="include\Remotery\lib\Remotery.c">
      <Filter>Includes\Remotery</Filter>
    </ClCompile>
    <ClCompile Include="src\ParticleSystem.cpp">
      <Filter>Systems</Filter>
    </ClCompile>
    <ClCompile Include="src\Units.cpp">
      <Filter>Math</Filter>
    </ClCompile>
    <ClCompile Include="src\RenderData.cpp">
      <Filter>Rendering</Filter>
    </ClCompile>
    <ClCompile Include="src\ComponentBuffer.cpp">
      <Filter>Entities</Filter>
    </ClCompile>
    <ClCompile Include="src\PlayerComponent.cpp">
      <Filter>Components</Filter>
    </ClCompile>
    <ClCompile Include="src\SystemsSorting.cpp">
      <Filter>Entities</Filter>
    </ClCompile>
    <ClCompile Include="src\UpdateData.cpp">
      <Filter>Entities</Filter>
    </ClCompile>
    <ClCompile Include="src\HitTest.cpp">
      <Filter>Math</Filter>
    </ClCompile>
    <ClCompile Include="src\BoundsRenderer.cpp">
      <Filter>Renderers</Filter>
    </ClCompile>
    <ClCompile Include="src\LightRenderer.cpp">
      <Filter>Renderers</Filter>
    </ClCompile>
    <ClCompile Include="src\MeshRenderer.cpp">
      <Filter>Renderers</Filter>
    </ClCompile>
    <ClCompile Include="src\WorldRenderer.cpp">
      <Filter>Renderers</Filter>
    </ClCompile>
    <ClCompile Include="src\ParticleSystemComponent.cpp">
      <Filter>Components</Filter>
    </ClCompile>
    <ClCompile Include="src\RayRenderer.cpp">
      <Filter>Renderers</Filter>
    </ClCompile>
    <ClCompile Include="src\RayComponent.cpp">
      <Filter>Components</Filter>
    </ClCompile>
    <ClCompile Include="src\Math_dd.cpp">
      <Filter>Math</Filter>
    </ClCompile>
    <ClCompile Include="src\DataRequest.cpp">
      <Filter>Entities</Filter>
    </ClCompile>
    <ClCompile Include="src\HitTestSystem.cpp">
      <Filter>Systems</Filter>
    </ClCompile>
    <ClCompile Include="src\Tests\HitTestSystemTests.cpp">
      <Filter>Tests</Filter>
    </ClCompile>
    <ClCompile Include="src\HitResult.cpp">
      <Filter>Systems</Filter>
    </ClCompile>
    <ClCompile Include="src\Tests\MeshUtilsTests.cpp">
      <Filter>Tests</Filter>
    </ClCompile>
    <ClCompile Include="src\Tests\FPSCameraTests.cpp">
      <Filter>Tests</Filter>
    </ClCompile>
    <ClCompile Include="src\PhysicsSystem.cpp">
      <Filter>Systems</Filter>
    </ClCompile>
    <ClCompile Include="src\BoundBoxComponent.cpp">
      <Filter>Components</Filter>
    </ClCompile>
    <ClCompile Include="src\BoundSphereComponent.cpp">
      <Filter>Components</Filter>
    </ClCompile>
    <ClCompile Include="src\BoundsHelpers.cpp">
      <Filter>Math</Filter>
    </ClCompile>
    <ClCompile Include="src\Sphere.cpp">
      <Filter>Math</Filter>
    </ClCompile>
    <ClCompile Include="src\System.cpp">
      <Filter>Systems</Filter>
    </ClCompile>
    <ClCompile Include="src\ColourComponent.cpp">
      <Filter>Components</Filter>
    </ClCompile>
    <ClCompile Include="src\PCH.cpp">
      <Filter>Core</Filter>
    </ClCompile>
    <ClCompile Include="src\PhysicsPlaneComponent.cpp">
      <Filter>Components</Filter>
    </ClCompile>
    <ClCompile Include="src\PhysicsSphereComponent.cpp">
      <Filter>Components</Filter>
    </ClCompile>
    <ClCompile Include="src\OctreeComponent.cpp">
      <Filter>Components</Filter>
    </ClCompile>
    <ClCompile Include="src\EntityPrototype.cpp">
      <Filter>Entities</Filter>
    </ClCompile>
    <ClCompile Include="src\EntityVisualizer.cpp">
      <Filter>DebugUI</Filter>
    </ClCompile>
    <ClCompile Include="include\fmt\src\format.cc">
      <Filter>Includes\fmt</Filter>
    </ClCompile>
    <ClCompile Include="include\fmt\src\posix.cc">
      <Filter>Includes\fmt</Filter>
    </ClCompile>
    <ClCompile Include="src\PhysicsRigidBodyComponent.cpp">
      <Filter>Components</Filter>
    </ClCompile>
    <ClCompile Include="src\PhysicsBase.cpp">
      <Filter>Components</Filter>
    </ClCompile>
    <ClCompile Include="src\JSON.cpp">
      <Filter>JSON</Filter>
    </ClCompile>
    <ClCompile Include="src\RenderState.cpp">
      <Filter>Rendering</Filter>
    </ClCompile>
    <ClCompile Include="src\LinesComponent.cpp">
      <Filter>Components</Filter>
    </ClCompile>
    <ClCompile Include="src\LinesRenderer.cpp">
      <Filter>Renderers</Filter>
    </ClCompile>
    <ClCompile Include="src\ShaderPart.cpp">
      <Filter>Rendering</Filter>
    </ClCompile>
    <ClCompile Include="src\Noise.cpp">
      <Filter>Math</Filter>
    </ClCompile>
    <ClCompile Include="src\MeshUtils.cpp">
      <Filter>Mesh</Filter>
    </ClCompile>
    <ClCompile Include="src\Triangulator.cpp">
      <Filter>Mesh</Filter>
    </ClCompile>
    <ClCompile Include="src\CommandBuffer.cpp">
      <Filter>Rendering\Commands</Filter>
    </ClCompile>
    <ClCompile Include="src\MeshRenderCommand.cpp">
      <Filter>Rendering\Commands</Filter>
    </ClCompile>
    <ClCompile Include="src\RenderCommand.cpp">
      <Filter>Rendering\Commands</Filter>
    </ClCompile>
    <ClCompile Include="src\RenderCommandTests.cpp">
      <Filter>Tests</Filter>
    </ClCompile>
    <ClCompile Include="src\Services.cpp">
      <Filter>Core</Filter>
    </ClCompile>
    <ClCompile Include="src\Profiler.cpp">
      <Filter>Application</Filter>
    </ClCompile>
    <ClCompile Include="src\TestEntities.cpp">
      <Filter>Entities</Filter>
    </ClCompile>
    <ClCompile Include="include\stb\stb_vorbis.c">
      <Filter>Includes\stb</Filter>
    </ClCompile>
    <ClCompile Include="include\imgui\imgui.cpp">
      <Filter>Includes\imgui</Filter>
    </ClCompile>
    <ClCompile Include="include\imgui\imgui_draw.cpp">
      <Filter>Includes\imgui</Filter>
    </ClCompile>
    <ClCompile Include="include\imgui\imgui_demo.cpp">
      <Filter>Includes\imgui</Filter>
    </ClCompile>
    <ClCompile Include="include\imgui\imgui_widgets.cpp">
      <Filter>Includes\imgui</Filter>
    </ClCompile>
    <ClCompile Include="include\imgui\imgui_impl_opengl3.cpp">
      <Filter>Includes\imgui</Filter>
    </ClCompile>
    <ClCompile Include="src\ImGuiBinding.cpp">
      <Filter>DebugUI</Filter>
    </ClCompile>
    <ClCompile Include="src\IWindow.cpp">
      <Filter>Application</Filter>
    </ClCompile>
    <ClCompile Include="src\SFMLInputSource.cpp">
      <Filter>Input</Filter>
    </ClCompile>
    <ClCompile Include="src\SFMLWindow.cpp">
      <Filter>Application</Filter>
    </ClCompile>
    <ClCompile Include="src\IInputSource.cpp">
      <Filter>Input</Filter>
    </ClCompile>
    <ClCompile Include="src\PlaneComponent.cpp">
      <Filter>Components</Filter>
    </ClCompile>
    <ClCompile Include="src\PlaneRenderer.cpp">
      <Filter>Renderers</Filter>
    </ClCompile>
    <ClCompile Include="include\tinygltf\tinygltf.cpp">
      <Filter>Includes\tinygltf</Filter>
    </ClCompile>
    <ClCompile Include="include\stb\stb_image.cpp">
      <Filter>Includes\stb</Filter>
    </ClCompile>
    <ClCompile Include="src\SpriteRenderer.cpp">
      <Filter>Renderers</Filter>
    </ClCompile>
    <ClCompile Include="src\ParticleSystemRenderer.cpp">
      <Filter>Renderers</Filter>
    </ClCompile>
    <ClCompile Include="src\Texture.cpp">
      <Filter>Assets</Filter>
    </ClCompile>
    <ClCompile Include="src\Shader.cpp">
      <Filter>Assets</Filter>
    </ClCompile>
    <ClCompile Include="src\Mesh.cpp">
      <Filter>Assets</Filter>
    </ClCompile>
    <ClCompile Include="src\Material.cpp">
      <Filter>Assets</Filter>
    </ClCompile>
    <ClCompile Include="src\InputMode.cpp">
      <Filter>Input</Filter>
    </ClCompile>
    <ClCompile Include="src\Sprite.cpp">
      <Filter>Rendering</Filter>
    </ClCompile>
    <ClCompile Include="src\SpriteSheet.cpp">
      <Filter>Assets</Filter>
    </ClCompile>
    <ClCompile Include="src\InputKeyBindings.cpp">
      <Filter>Input</Filter>
    </ClCompile>
    <ClCompile Include="src\Input.cpp">
      <Filter>Input</Filter>
    </ClCompile>
    <ClCompile Include="src\EntitySpace.cpp">
      <Filter>Entities</Filter>
    </ClCompile>
    <ClCompile Include="src\SystemManager.cpp">
      <Filter>Systems</Filter>
    </ClCompile>
    <ClCompile Include="src\UpdateDataBuffer.cpp">
      <Filter>Entities</Filter>
    </ClCompile>
    <ClCompile Include="src\InputEvent.cpp">
      <Filter>Input</Filter>
    </ClCompile>
    <ClCompile Include="src\ScratchEntity.cpp">
      <Filter>Entities</Filter>
    </ClCompile>
    <ClCompile Include="src\OrthoCamera.cpp">
      <Filter>Rendering</Filter>
    </ClCompile>
    <ClCompile Include="src\FPSCameraComponent.cpp">
      <Filter>Components</Filter>
    </ClCompile>
    <ClCompile Include="src\neutrino\BulletComponent.cpp">
      <Filter>Games\Neutrino</Filter>
    </ClCompile>
    <ClCompile Include="src\neutrino\BulletSystem.cpp">
      <Filter>Games\Neutrino</Filter>
    </ClCompile>
    <ClCompile Include="src\neutrino\NeutrinoGame.cpp">
      <Filter>Games\Neutrino</Filter>
    </ClCompile>
    <ClCompile Include="src\neutrino\SwarmAgentComponent.cpp">
      <Filter>Games\Neutrino</Filter>
    </ClCompile>
    <ClCompile Include="src\neutrino\SwarmSystem.cpp">
      <Filter>Games\Neutrino</Filter>
    </ClCompile>
    <ClCompile Include="src\neutrino\TreeComponent.cpp">
      <Filter>Games\Neutrino</Filter>
    </ClCompile>
    <ClCompile Include="src\neutrino\TreeSystem.cpp">
      <Filter>Games\Neutrino</Filter>
    </ClCompile>
    <ClCompile Include="src\neutrino\TrenchComponent.cpp">
      <Filter>Games\Neutrino</Filter>
    </ClCompile>
    <ClCompile Include="src\neutrino\TrenchSystem.cpp">
      <Filter>Games\Neutrino</Filter>
    </ClCompile>
    <ClCompile Include="src\neutrino\WaterComponent.cpp">
      <Filter>Games\Neutrino</Filter>
    </ClCompile>
    <ClCompile Include="src\neutrino\WaterRenderer.cpp">
      <Filter>Games\Neutrino</Filter>
    </ClCompile>
    <ClCompile Include="src\neutrino\WaterSystem.cpp">
      <Filter>Games\Neutrino</Filter>
    </ClCompile>
    <ClCompile Include="src\lux\LuxportGame.cpp">
      <Filter>Games\Lux</Filter>
    </ClCompile>
    <ClCompile Include="src\lux\LuxportMap.cpp">
      <Filter>Games\Lux</Filter>
    </ClCompile>
    <ClCompile Include="src\neutrino\ShipSystem.cpp">
      <Filter>Games\Neutrino</Filter>
    </ClCompile>
    <ClCompile Include="src\lux\LuxLightRenderer.cpp">
      <Filter>Games\Lux</Filter>
    </ClCompile>
    <ClCompile Include="src\d2d\SpriteAnimationComponent.cpp">
      <Filter>Components</Filter>
    </ClCompile>
    <ClCompile Include="src\d2d\SpriteComponent.cpp">
      <Filter>Components</Filter>
    </ClCompile>
    <ClCompile Include="src\d2d\SpriteTileComponent.cpp">
      <Filter>Components</Filter>
    </ClCompile>
    <ClCompile Include="src\d2d\Physics2DSystem.cpp">
      <Filter>Systems</Filter>
    </ClCompile>
    <ClCompile Include="src\neutrino\TerrainChunk.cpp">
      <Filter>Terrain</Filter>
    </ClCompile>
    <ClCompile Include="src\neutrino\TerrainChunkComponent.cpp">
      <Filter>Terrain</Filter>
    </ClCompile>
    <ClCompile Include="src\neutrino\TerrainParameters.cpp">
      <Filter>Terrain</Filter>
    </ClCompile>
    <ClCompile Include="src\neutrino\TerrainRenderer.cpp">
      <Filter>Terrain</Filter>
    </ClCompile>
    <ClCompile Include="src\neutrino\TerrainSystem.cpp">
      <Filter>Terrain</Filter>
    </ClCompile>
    <ClCompile Include="src\d2d\SpriteAnimationSystem.cpp">
      <Filter>Systems</Filter>
    </ClCompile>
    <ClCompile Include="src\d2d\SpriteTileSystem.cpp">
      <Filter>Systems</Filter>
    </ClCompile>
    <ClCompile Include="src\d2d\BoxPhysicsComponent.cpp">
      <Filter>Components\d2d</Filter>
    </ClCompile>
    <ClCompile Include="src\d2d\CirclePhysicsComponent.cpp">
      <Filter>Components\d2d</Filter>
    </ClCompile>
    <ClCompile Include="src\lux\LuxLightComponent.cpp">
      <Filter>Games\Lux</Filter>
    </ClCompile>
    <ClCompile Include="src\stress\StressTestGame.cpp">
      <Filter>Games\StressTest</Filter>
    </ClCompile>
    <ClCompile Include="src\stress\Renderer.cpp">
      <Filter>Rendering</Filter>
    </ClCompile>
  </ItemGroup>
  <ItemGroup>
    <None Include="src\Buffer.inl">
      <Filter>Containers</Filter>
    </None>
    <None Include="src\TypeInfo.inl">
      <Filter>Types</Filter>
    </None>
    <None Include="src\Vector.inl">
      <Filter>Containers</Filter>
    </None>
    <None Include="src\Array.inl">
      <Filter>Containers</Filter>
    </None>
    <None Include="src\Recorder.inl">
      <Filter>Properties</Filter>
    </None>
    <None Include="src\DenseMap.inl">
      <Filter>Containers</Filter>
    </None>
    <None Include="src\RingBuffer.inl">
      <Filter>Containers</Filter>
    </None>
    <None Include="src\DoubleBuffer.inl">
      <Filter>Containers</Filter>
    </None>
    <None Include="src\HandleManager.inl">
      <Filter>Containers</Filter>
    </None>
  </ItemGroup>
</Project>