<?xml version="1.0" encoding="utf-8"?>
<Project ToolsVersion="4.0" xmlns="http://schemas.microsoft.com/developer/msbuild/2003">
  <ItemGroup>
    <Filter Include="Entities">
      <UniqueIdentifier>{e6bb35dd-2203-4178-90ef-e4b2b9a1e0b3}</UniqueIdentifier>
    </Filter>
    <Filter Include="Components">
      <UniqueIdentifier>{14cc0615-506d-4cb2-b805-c376da85f96c}</UniqueIdentifier>
    </Filter>
    <Filter Include="Math">
      <UniqueIdentifier>{5041b3a0-580e-481d-bd74-5a0e6d491357}</UniqueIdentifier>
    </Filter>
    <Filter Include="Properties">
      <UniqueIdentifier>{6522278c-e1d9-463f-becf-ed055a2d201f}</UniqueIdentifier>
    </Filter>
    <Filter Include="Core">
      <UniqueIdentifier>{5d4c57c0-6e9b-4f15-85b0-411fd508f5cd}</UniqueIdentifier>
    </Filter>
    <Filter Include="Types">
      <UniqueIdentifier>{06b22fb7-75e1-4ff2-a844-0367f6eadbc6}</UniqueIdentifier>
    </Filter>
    <Filter Include="Tests">
      <UniqueIdentifier>{91912b7c-2d97-42f4-999e-4976987ccb0b}</UniqueIdentifier>
    </Filter>
    <Filter Include="Systems">
      <UniqueIdentifier>{74210990-6148-4e02-995f-ab11859b19ef}</UniqueIdentifier>
    </Filter>
    <Filter Include="Application">
      <UniqueIdentifier>{00f2688a-c546-4b01-8678-895e6ec79ab4}</UniqueIdentifier>
    </Filter>
    <Filter Include="Containers">
      <UniqueIdentifier>{82b0b89f-8e41-45a0-824a-405d47c4450e}</UniqueIdentifier>
    </Filter>
    <Filter Include="Script">
      <UniqueIdentifier>{11e0d14b-e6f4-40dd-9b8e-afe2cacc3d00}</UniqueIdentifier>
    </Filter>
    <Filter Include="Serialization">
      <UniqueIdentifier>{7eb4d0ac-91be-4912-8f53-b90ac3bc0db9}</UniqueIdentifier>
    </Filter>
    <Filter Include="DebugUI">
      <UniqueIdentifier>{ddf752d4-dc51-4c2d-ab6c-eb6d44b50336}</UniqueIdentifier>
    </Filter>
    <Filter Include="Components\Pools">
      <UniqueIdentifier>{8d309a51-ff54-4264-b346-5a708869a8b3}</UniqueIdentifier>
    </Filter>
    <Filter Include="Components\Pools\Test Components">
      <UniqueIdentifier>{fe77aabc-75a8-4829-a000-a8d493294d6e}</UniqueIdentifier>
    </Filter>
    <Filter Include="Includes">
      <UniqueIdentifier>{6f7b570c-e8a9-463e-a549-5bb17d2ab414}</UniqueIdentifier>
    </Filter>
    <Filter Include="Includes\Base64">
      <UniqueIdentifier>{abdd00ba-8514-4fb8-9e22-3857ff01f626}</UniqueIdentifier>
    </Filter>
    <Filter Include="Includes\PCG">
      <UniqueIdentifier>{c8412055-6a87-4a0b-8e46-c078be2d1ea2}</UniqueIdentifier>
    </Filter>
    <Filter Include="Includes\PP Assert">
      <UniqueIdentifier>{16d20338-1fa4-4afd-8d42-1e4b198a3d3f}</UniqueIdentifier>
    </Filter>
    <Filter Include="Includes\gl3w">
      <UniqueIdentifier>{e87999f1-1019-463f-9d68-497df60b60de}</UniqueIdentifier>
    </Filter>
    <Filter Include="Includes\Catch">
      <UniqueIdentifier>{ceb3961e-5856-4686-b625-9db1fcc59eb0}</UniqueIdentifier>
    </Filter>
    <Filter Include="Includes\Remotery">
      <UniqueIdentifier>{6478ffbb-0dc4-46f1-8153-9faffa4eab73}</UniqueIdentifier>
    </Filter>
    <Filter Include="Jobs">
      <UniqueIdentifier>{b44a65d4-1a70-45cc-b448-f311fd301d07}</UniqueIdentifier>
    </Filter>
    <Filter Include="Includes\GLM">
      <UniqueIdentifier>{468c9f6f-eacc-4308-9c92-3a2397200665}</UniqueIdentifier>
    </Filter>
    <Filter Include="Messaging">
      <UniqueIdentifier>{81c3db90-4cb0-48f4-b975-6bc058b48c4d}</UniqueIdentifier>
    </Filter>
    <Filter Include="Script\AngelScript">
      <UniqueIdentifier>{a9ec13a1-e651-4551-bc2c-adcd707e8c9b}</UniqueIdentifier>
    </Filter>
    <Filter Include="Script\AngelScript\Add-Ons">
      <UniqueIdentifier>{b184cb4f-9bd7-4dbf-a594-7e9dfda46ced}</UniqueIdentifier>
    </Filter>
    <Filter Include="Rendering">
      <UniqueIdentifier>{ded36cdd-4bfa-4719-b778-bbddfc305d7a}</UniqueIdentifier>
    </Filter>
    <Filter Include="Input">
      <UniqueIdentifier>{26287e03-283d-43d3-9a8c-3965659777b7}</UniqueIdentifier>
    </Filter>
    <Filter Include="Includes\stb">
      <UniqueIdentifier>{a6d272e9-35c9-466a-9682-69fa40ba0a3a}</UniqueIdentifier>
    </Filter>
    <Filter Include="Networking">
      <UniqueIdentifier>{96ea3d00-f897-4b95-be6c-dcf3fa40176c}</UniqueIdentifier>
    </Filter>
    <Filter Include="Includes\ArduinoJSON">
      <UniqueIdentifier>{42f68baa-971f-4e9d-9926-980613074687}</UniqueIdentifier>
    </Filter>
    <Filter Include="File">
      <UniqueIdentifier>{27d6d938-19b2-489f-bccb-1ac1423dffd3}</UniqueIdentifier>
    </Filter>
  </ItemGroup>
  <ItemGroup>
    <ClInclude Include="src\EntityHandle.h">
      <Filter>Entities</Filter>
    </ClInclude>
    <ClInclude Include="src\TransformComponent.h">
      <Filter>Components</Filter>
    </ClInclude>
    <ClInclude Include="src\BoundingBox.h">
      <Filter>Math</Filter>
    </ClInclude>
    <ClInclude Include="src\Recorder.h">
      <Filter>Properties</Filter>
    </ClInclude>
    <ClInclude Include="src\OctreeComponent.h">
      <Filter>Components</Filter>
    </ClInclude>
    <ClInclude Include="src\PrecompiledHeader.h">
      <Filter>Core</Filter>
    </ClInclude>
    <ClInclude Include="src\ScopedTimer.h">
      <Filter>Core</Filter>
    </ClInclude>
    <ClInclude Include="src\TypeInfo.h">
      <Filter>Types</Filter>
    </ClInclude>
    <ClInclude Include="src\Member.h">
      <Filter>Types</Filter>
    </ClInclude>
    <ClInclude Include="src\Property.h">
      <Filter>Properties</Filter>
    </ClInclude>
    <ClInclude Include="src\PropertyList.h">
      <Filter>Properties</Filter>
    </ClInclude>
    <ClInclude Include="src\Tests.h">
      <Filter>Tests</Filter>
    </ClInclude>
    <ClInclude Include="src\Timer.h">
      <Filter>Core</Filter>
    </ClInclude>
    <ClInclude Include="src\ComponentHandle.h">
      <Filter>Components</Filter>
    </ClInclude>
    <ClInclude Include="src\SwarmAgentComponent.h">
      <Filter>Components</Filter>
    </ClInclude>
    <ClInclude Include="src\SwarmSystem.h">
      <Filter>Systems</Filter>
    </ClInclude>
    <ClInclude Include="src\Vector4.h">
      <Filter>Math</Filter>
    </ClInclude>
    <ClInclude Include="src\Vector.h">
      <Filter>Containers</Filter>
    </ClInclude>
    <ClInclude Include="src\AutoList.h">
      <Filter>Containers</Filter>
    </ClInclude>
    <ClInclude Include="src\DenseMap.h">
      <Filter>Containers</Filter>
    </ClInclude>
    <ClInclude Include="src\DoubleBuffer.h">
      <Filter>Containers</Filter>
    </ClInclude>
    <ClInclude Include="src\Hash.h">
      <Filter>Containers</Filter>
    </ClInclude>
    <ClInclude Include="src\Window.h">
      <Filter>Application</Filter>
    </ClInclude>
    <ClInclude Include="src\RemoveQualifiers.h">
      <Filter>Types</Filter>
    </ClInclude>
    <ClInclude Include="src\String_dd.h">
      <Filter>Containers</Filter>
    </ClInclude>
    <ClInclude Include="src\Exception.h">
      <Filter>Core</Filter>
    </ClInclude>
    <ClInclude Include="src\Iteration.h">
      <Filter>Core</Filter>
    </ClInclude>
    <ClInclude Include="src\Function.h">
      <Filter>Types</Filter>
    </ClInclude>
    <ClInclude Include="src\Variable.h">
      <Filter>Types</Filter>
    </ClInclude>
    <ClInclude Include="src\FunctionSignature.h">
      <Filter>Types</Filter>
    </ClInclude>
    <ClInclude Include="src\Typedefs.h">
      <Filter>Types</Filter>
    </ClInclude>
    <ClInclude Include="src\TypeInfoMacros.h">
      <Filter>Types</Filter>
    </ClInclude>
    <ClInclude Include="src\Array.h">
      <Filter>Containers</Filter>
    </ClInclude>
    <ClInclude Include="src\ContainerHelpers.h">
      <Filter>Containers</Filter>
    </ClInclude>
    <ClInclude Include="src\TypeInfoHelpers.h">
      <Filter>Types</Filter>
    </ClInclude>
    <ClInclude Include="include\base64\include\cdecode.h">
      <Filter>Includes\Base64</Filter>
    </ClInclude>
    <ClInclude Include="include\base64\include\cencode.h">
      <Filter>Includes\Base64</Filter>
    </ClInclude>
    <ClInclude Include="include\base64\include\decode.h">
      <Filter>Includes\Base64</Filter>
    </ClInclude>
    <ClInclude Include="include\base64\include\encode.h">
      <Filter>Includes\Base64</Filter>
    </ClInclude>
    <ClInclude Include="src\JSONSerializer.h">
      <Filter>Serialization</Filter>
    </ClInclude>
    <ClInclude Include="src\Serialization.h">
      <Filter>Serialization</Filter>
    </ClInclude>
    <ClInclude Include="src\Random.h">
      <Filter>Core</Filter>
    </ClInclude>
    <ClInclude Include="src\Stream.h">
      <Filter>Serialization</Filter>
    </ClInclude>
    <ClInclude Include="src\Buffer.h">
      <Filter>Containers</Filter>
    </ClInclude>
    <ClInclude Include="src\DDAssert.h">
      <Filter>Core</Filter>
    </ClInclude>
    <ClInclude Include="src\DebugUI.h">
      <Filter>DebugUI</Filter>
    </ClInclude>
    <ClInclude Include="src\CommandLine.h">
      <Filter>Application</Filter>
    </ClInclude>
    <ClInclude Include="src\Tests\TestTypes.h">
      <Filter>Tests</Filter>
    </ClInclude>
    <ClInclude Include="src\RefCounter.h">
      <Filter>Script</Filter>
    </ClInclude>
    <ClInclude Include="src\DebugConsole.h">
      <Filter>Application</Filter>
    </ClInclude>
    <ClInclude Include="src\Globals.h">
      <Filter>Core</Filter>
    </ClInclude>
    <ClInclude Include="src\ComponentPoolBase.h">
      <Filter>Components\Pools</Filter>
    </ClInclude>
    <ClInclude Include="src\SortedVectorPool.h">
      <Filter>Components\Pools</Filter>
    </ClInclude>
    <ClInclude Include="src\ComponentPairIterator.h">
      <Filter>Components\Pools</Filter>
    </ClInclude>
    <ClInclude Include="src\DenseVectorPool.h">
      <Filter>Components\Pools</Filter>
    </ClInclude>
    <ClInclude Include="src\ComponentPoolTestComponent.h">
      <Filter>Components\Pools\Test Components</Filter>
    </ClInclude>
    <ClInclude Include="include\pcg\pcg_extras.hpp">
      <Filter>Includes\PCG</Filter>
    </ClInclude>
    <ClInclude Include="include\pcg\pcg_random.hpp">
      <Filter>Includes\PCG</Filter>
    </ClInclude>
    <ClInclude Include="include\pcg\pcg_uint128.hpp">
      <Filter>Includes\PCG</Filter>
    </ClInclude>
    <ClInclude Include="src\PP_Assert.h">
      <Filter>Includes\PP Assert</Filter>
    </ClInclude>
    <ClInclude Include="include\gl3w\include\GL\gl3w.h">
      <Filter>Includes\gl3w</Filter>
    </ClInclude>
    <ClInclude Include="include\catch\catch.hpp">
      <Filter>Includes\Catch</Filter>
    </ClInclude>
    <ClInclude Include="include\Remotery\lib\Remotery.h">
      <Filter>Includes\Remotery</Filter>
    </ClInclude>
    <ClInclude Include="src\JobSystem.h">
      <Filter>Jobs</Filter>
    </ClInclude>
    <ClInclude Include="src\JobThread.h">
      <Filter>Jobs</Filter>
    </ClInclude>
    <ClInclude Include="src\Profiler.h">
      <Filter>Application</Filter>
    </ClInclude>
    <ClInclude Include="include\glm\fwd.hpp">
      <Filter>Includes\GLM</Filter>
    </ClInclude>
    <ClInclude Include="include\glm\glm.hpp">
      <Filter>Includes\GLM</Filter>
    </ClInclude>
    <ClInclude Include="src\AABB.h">
      <Filter>Math</Filter>
    </ClInclude>
    <ClInclude Include="src\Plane.h">
      <Filter>Math</Filter>
    </ClInclude>
    <ClInclude Include="src\AABBOctree.h">
      <Filter>Math</Filter>
    </ClInclude>
    <ClInclude Include="src\SharedString.h">
      <Filter>Containers</Filter>
    </ClInclude>
    <ClInclude Include="src\DLL.h">
      <Filter>Core</Filter>
    </ClInclude>
    <ClInclude Include="src\DenseMapPool.h">
      <Filter>Components\Pools</Filter>
    </ClInclude>
    <ClInclude Include="src\ISystem.h">
      <Filter>Systems</Filter>
    </ClInclude>
    <ClInclude Include="src\RingBuffer.h">
      <Filter>Containers</Filter>
    </ClInclude>
    <ClInclude Include="src\MessageQueue.h">
      <Filter>Messaging</Filter>
    </ClInclude>
    <ClInclude Include="src\Message.h">
      <Filter>Messaging</Filter>
    </ClInclude>
    <ClInclude Include="src\MessageTypes.h">
      <Filter>Messaging</Filter>
    </ClInclude>
    <ClInclude Include="src\AngelScriptEngine.h">
      <Filter>Script\AngelScript</Filter>
    </ClInclude>
    <ClInclude Include="include\angelscript\add_on\scriptmath\scriptmath.h">
      <Filter>Script\AngelScript\Add-Ons</Filter>
    </ClInclude>
    <ClInclude Include="include\angelscript\add_on\scripthelper\scripthelper.h">
      <Filter>Script\AngelScript\Add-Ons</Filter>
    </ClInclude>
    <ClInclude Include="src\PlayerComponent.h">
      <Filter>Components</Filter>
    </ClInclude>
    <ClInclude Include="src\Input.h">
      <Filter>Input</Filter>
    </ClInclude>
    <ClInclude Include="src\InputAction.h">
      <Filter>Input</Filter>
    </ClInclude>
    <ClInclude Include="src\FreeCameraController.h">
      <Filter>Input</Filter>
    </ClInclude>
    <ClInclude Include="src\InputBindings.h">
      <Filter>Input</Filter>
    </ClInclude>
    <ClInclude Include="src\Mesh.h">
      <Filter>Rendering</Filter>
    </ClInclude>
    <ClInclude Include="src\Shader.h">
      <Filter>Rendering</Filter>
    </ClInclude>
    <ClInclude Include="src\ShaderProgram.h">
      <Filter>Rendering</Filter>
    </ClInclude>
    <ClInclude Include="src\Renderer.h">
      <Filter>Rendering</Filter>
    </ClInclude>
    <ClInclude Include="src\MeshComponent.h">
      <Filter>Components</Filter>
    </ClInclude>
    <ClInclude Include="src\Frustum.h">
      <Filter>Rendering</Filter>
    </ClInclude>
    <ClInclude Include="src\VAO.h">
      <Filter>Rendering</Filter>
    </ClInclude>
    <ClInclude Include="src\GLError.h">
      <Filter>Rendering</Filter>
    </ClInclude>
    <ClInclude Include="src\VBO.h">
      <Filter>Rendering</Filter>
    </ClInclude>
    <ClInclude Include="src\TerrainSystem.h">
      <Filter>Systems</Filter>
    </ClInclude>
    <ClInclude Include="src\TerrainChunk.h">
      <Filter>Systems</Filter>
    </ClInclude>
    <ClInclude Include="include\stb\stb_image_write.h">
      <Filter>Includes\stb</Filter>
    </ClInclude>
    <ClInclude Include="src\TerrainChunkKey.h">
      <Filter>Systems</Filter>
    </ClInclude>
    <ClInclude Include="include\angelscript\add_on\scriptbuilder\scriptbuilder.h">
      <Filter>Script\AngelScript\Add-Ons</Filter>
    </ClInclude>
    <ClInclude Include="src\StringBinding.h">
      <Filter>Script\AngelScript</Filter>
    </ClInclude>
    <ClInclude Include="src\ASInternal.h">
      <Filter>Script\AngelScript</Filter>
    </ClInclude>
    <ClInclude Include="src\Memory.h">
      <Filter>Core</Filter>
    </ClInclude>
    <ClInclude Include="src\Socket.h">
      <Filter>Networking</Filter>
    </ClInclude>
    <ClInclude Include="src\BinarySerializer.h">
      <Filter>Serialization</Filter>
    </ClInclude>
    <ClInclude Include="include\arduinojson\ArduinoJson.h">
      <Filter>Includes\ArduinoJSON</Filter>
    </ClInclude>
    <ClInclude Include="src\File.h">
      <Filter>File</Filter>
    </ClInclude>
    <ClInclude Include="src\EntityManager.h">
      <Filter>Entities</Filter>
    </ClInclude>
    <ClInclude Include="src\GenericHandle.h">
      <Filter>Containers</Filter>
    </ClInclude>
    <ClInclude Include="src\TrenchSystem.h">
      <Filter>Systems</Filter>
    </ClInclude>
    <ClInclude Include="src\TrenchComponent.h">
      <Filter>Components</Filter>
    </ClInclude>
    <ClInclude Include="src\SceneGraphSystem.h">
      <Filter>Systems</Filter>
    </ClInclude>
    <ClInclude Include="src\MousePicking.h">
      <Filter>Input</Filter>
    </ClInclude>
    <ClInclude Include="src\Ray.h">
      <Filter>Math</Filter>
    </ClInclude>
    <ClInclude Include="src\IDebugDraw.h">
      <Filter>DebugUI</Filter>
    </ClInclude>
    <ClInclude Include="src\ShipComponent.h">
      <Filter>Components</Filter>
    </ClInclude>
    <ClInclude Include="src\ShipSystem.h">
      <Filter>Systems</Filter>
    </ClInclude>
    <ClInclude Include="src\FrameTimer.h">
      <Filter>Application</Filter>
    </ClInclude>
    <ClInclude Include="src\Math_dd.h">
      <Filter>Core</Filter>
    </ClInclude>
    <ClInclude Include="src\ScriptComponent.h">
      <Filter>Components</Filter>
    </ClInclude>
    <ClInclude Include="src\ScriptSystem.h">
      <Filter>Systems</Filter>
    </ClInclude>
    <ClInclude Include="src\LightComponent.h">
      <Filter>Components</Filter>
    </ClInclude>
    <ClInclude Include="src\ShakyCamera.h">
      <Filter>Rendering</Filter>
    </ClInclude>
    <ClInclude Include="src\ICamera.h">
      <Filter>Rendering</Filter>
    </ClInclude>
    <ClInclude Include="src\FPSCamera.h">
      <Filter>Rendering</Filter>
    </ClInclude>
    <ClInclude Include="src\TerrainChunkComponent.h">
      <Filter>Components</Filter>
    </ClInclude>
    <ClInclude Include="src\IComponent.h">
      <Filter>Components</Filter>
    </ClInclude>
    <ClInclude Include="src\ShaderHandle.h">
      <Filter>Rendering</Filter>
    </ClInclude>
    <ClInclude Include="src\OpenGL.h">
      <Filter>Rendering</Filter>
    </ClInclude>
  </ItemGroup>
  <ItemGroup>
    <ClCompile Include="src\EntityHandle.cpp">
      <Filter>Entities</Filter>
    </ClCompile>
    <ClCompile Include="src\BoundingBox.cpp">
      <Filter>Math</Filter>
    </ClCompile>
    <ClCompile Include="src\Recorder.cpp">
      <Filter>Properties</Filter>
    </ClCompile>
    <ClCompile Include="src\Main.cpp" />
    <ClCompile Include="src\PrecompiledHeader.cpp">
      <Filter>Core</Filter>
    </ClCompile>
    <ClCompile Include="src\TypeInfo.cpp">
      <Filter>Types</Filter>
    </ClCompile>
    <ClCompile Include="src\Member.cpp">
      <Filter>Types</Filter>
    </ClCompile>
    <ClCompile Include="src\Property.cpp">
      <Filter>Properties</Filter>
    </ClCompile>
    <ClCompile Include="src\PropertyList.cpp">
      <Filter>Properties</Filter>
    </ClCompile>
    <ClCompile Include="src\Tests\Tests.cpp">
      <Filter>Tests</Filter>
    </ClCompile>
    <ClCompile Include="src\Tests\PropertyListTests.cpp">
      <Filter>Tests</Filter>
    </ClCompile>
    <ClCompile Include="src\Tests\RecorderTests.cpp">
      <Filter>Tests</Filter>
    </ClCompile>
    <ClCompile Include="src\ScopedTimer.cpp">
      <Filter>Core</Filter>
    </ClCompile>
    <ClCompile Include="src\Timer.cpp">
      <Filter>Core</Filter>
    </ClCompile>
    <ClCompile Include="src\Tests\TimerTests.cpp">
      <Filter>Tests</Filter>
    </ClCompile>
    <ClCompile Include="src\SwarmAgentComponent.cpp">
      <Filter>Components</Filter>
    </ClCompile>
    <ClCompile Include="src\SwarmSystem.cpp">
      <Filter>Systems</Filter>
    </ClCompile>
    <ClCompile Include="src\Vector4.cpp">
      <Filter>Math</Filter>
    </ClCompile>
    <ClCompile Include="src\Hash.cpp">
      <Filter>Containers</Filter>
    </ClCompile>
    <ClCompile Include="src\Window.cpp">
      <Filter>Application</Filter>
    </ClCompile>
    <ClCompile Include="src\String_dd.cpp">
      <Filter>Containers</Filter>
    </ClCompile>
    <ClCompile Include="src\Exception.cpp">
      <Filter>Core</Filter>
    </ClCompile>
    <ClCompile Include="src\Function.cpp">
      <Filter>Types</Filter>
    </ClCompile>
    <ClCompile Include="src\Variable.cpp">
      <Filter>Types</Filter>
    </ClCompile>
    <ClCompile Include="src\Array.cpp">
      <Filter>Containers</Filter>
    </ClCompile>
    <ClCompile Include="src\FunctionSignature.cpp">
      <Filter>Types</Filter>
    </ClCompile>
    <ClCompile Include="include\base64\src\cdecode.c">
      <Filter>Includes\Base64</Filter>
    </ClCompile>
    <ClCompile Include="include\base64\src\cencode.c">
      <Filter>Includes\Base64</Filter>
    </ClCompile>
    <ClCompile Include="src\JSONSerializer.cpp">
      <Filter>Serialization</Filter>
    </ClCompile>
    <ClCompile Include="src\Random.cpp">
      <Filter>Core</Filter>
    </ClCompile>
    <ClCompile Include="src\Stream.cpp">
      <Filter>Serialization</Filter>
    </ClCompile>
    <ClCompile Include="src\DebugUI.cpp">
      <Filter>DebugUI</Filter>
    </ClCompile>
    <ClCompile Include="src\CommandLine.cpp">
      <Filter>Application</Filter>
    </ClCompile>
    <ClCompile Include="src\Tests\ArrayTests.cpp">
      <Filter>Tests</Filter>
    </ClCompile>
    <ClCompile Include="src\Tests\CommandLineTests.cpp">
      <Filter>Tests</Filter>
    </ClCompile>
    <ClCompile Include="src\Tests\DenseMapTests.cpp">
      <Filter>Tests</Filter>
    </ClCompile>
    <ClCompile Include="src\Tests\RandomTests.cpp">
      <Filter>Tests</Filter>
    </ClCompile>
    <ClCompile Include="src\Tests\ScriptTests.cpp">
      <Filter>Tests</Filter>
    </ClCompile>
    <ClCompile Include="src\Tests\SerializerTests.cpp">
      <Filter>Tests</Filter>
    </ClCompile>
    <ClCompile Include="src\Tests\StringTests.cpp">
      <Filter>Tests</Filter>
    </ClCompile>
    <ClCompile Include="src\Tests\TestTypes.cpp">
      <Filter>Tests</Filter>
    </ClCompile>
    <ClCompile Include="src\Tests\VectorTests.cpp">
      <Filter>Tests</Filter>
    </ClCompile>
    <ClCompile Include="src\Globals.cpp">
      <Filter>Core</Filter>
    </ClCompile>
    <ClCompile Include="src\DebugConsole.cpp">
      <Filter>Application</Filter>
    </ClCompile>
    <ClCompile Include="src\Tests\ComponentPoolTests.cpp">
      <Filter>Tests</Filter>
    </ClCompile>
    <ClCompile Include="src\PP_Assert.cpp">
      <Filter>Includes\PP Assert</Filter>
    </ClCompile>
    <ClCompile Include="include\gl3w\src\gl3w.c">
      <Filter>Includes\gl3w</Filter>
    </ClCompile>
    <ClCompile Include="include\Remotery\lib\Remotery.c">
      <Filter>Includes\Remotery</Filter>
    </ClCompile>
    <ClCompile Include="src\JobSystem.cpp">
      <Filter>Jobs</Filter>
    </ClCompile>
    <ClCompile Include="src\JobThread.cpp">
      <Filter>Jobs</Filter>
    </ClCompile>
    <ClCompile Include="src\AABB.cpp">
      <Filter>Math</Filter>
    </ClCompile>
    <ClCompile Include="src\Plane.cpp">
      <Filter>Math</Filter>
    </ClCompile>
    <ClCompile Include="src\Tests\AABBOctreeTests.cpp">
      <Filter>Tests</Filter>
    </ClCompile>
    <ClCompile Include="src\AABBOctree.cpp">
      <Filter>Math</Filter>
    </ClCompile>
    <ClCompile Include="src\SharedString.cpp">
      <Filter>Containers</Filter>
    </ClCompile>
    <ClCompile Include="src\Tests\MessageQueueTests.cpp">
      <Filter>Tests</Filter>
    </ClCompile>
    <ClCompile Include="src\RingBufferTests.cpp">
      <Filter>Tests</Filter>
    </ClCompile>
    <ClCompile Include="src\MessageQueue.cpp">
      <Filter>Messaging</Filter>
    </ClCompile>
    <ClCompile Include="src\Tests\DoubleBufferTests.cpp">
      <Filter>Tests</Filter>
    </ClCompile>
    <ClCompile Include="src\AngelScriptEngine.cpp">
      <Filter>Script\AngelScript</Filter>
    </ClCompile>
    <ClCompile Include="include\angelscript\add_on\scriptmath\scriptmath.cpp">
      <Filter>Script\AngelScript\Add-Ons</Filter>
    </ClCompile>
    <ClCompile Include="include\angelscript\add_on\scripthelper\scripthelper.cpp">
      <Filter>Script\AngelScript\Add-Ons</Filter>
    </ClCompile>
    <ClCompile Include="src\Tests\TypeInfoTests.cpp">
      <Filter>Tests</Filter>
    </ClCompile>
    <ClCompile Include="src\tests\FunctionTests.cpp">
      <Filter>Tests</Filter>
    </ClCompile>
    <ClCompile Include="src\Tests\WrenTests.cpp">
      <Filter>Tests</Filter>
    </ClCompile>
    <ClCompile Include="src\Tests\JobSystemTests.cpp">
      <Filter>Tests</Filter>
    </ClCompile>
    <ClCompile Include="src\Input.cpp">
      <Filter>Input</Filter>
    </ClCompile>
    <ClCompile Include="src\InputBindings.cpp">
      <Filter>Input</Filter>
    </ClCompile>
    <ClCompile Include="src\FreeCameraController.cpp">
      <Filter>Input</Filter>
    </ClCompile>
    <ClCompile Include="src\Mesh.cpp">
      <Filter>Rendering</Filter>
    </ClCompile>
    <ClCompile Include="src\Shader.cpp">
      <Filter>Rendering</Filter>
    </ClCompile>
    <ClCompile Include="src\ShaderProgram.cpp">
      <Filter>Rendering</Filter>
    </ClCompile>
    <ClCompile Include="src\Renderer.cpp">
      <Filter>Rendering</Filter>
    </ClCompile>
    <ClCompile Include="src\MeshComponent.cpp">
      <Filter>Components</Filter>
    </ClCompile>
    <ClCompile Include="src\Frustum.cpp">
      <Filter>Rendering</Filter>
    </ClCompile>
    <ClCompile Include="src\FrustumTests.cpp">
      <Filter>Tests</Filter>
    </ClCompile>
    <ClCompile Include="src\VAO.cpp">
      <Filter>Rendering</Filter>
    </ClCompile>
    <ClCompile Include="src\GLError.cpp">
      <Filter>Rendering</Filter>
    </ClCompile>
    <ClCompile Include="src\VBO.cpp">
      <Filter>Rendering</Filter>
    </ClCompile>
    <ClCompile Include="src\TerrainChunk.cpp">
      <Filter>Systems</Filter>
    </ClCompile>
    <ClCompile Include="src\TerrainSystem.cpp">
      <Filter>Systems</Filter>
    </ClCompile>
    <ClCompile Include="include\stb\stb_image_write.cpp">
      <Filter>Includes\stb</Filter>
    </ClCompile>
    <ClCompile Include="src\TerrainChunkKey.cpp">
      <Filter>Systems</Filter>
    </ClCompile>
    <ClCompile Include="src\AngelScriptTests.cpp">
      <Filter>Tests</Filter>
    </ClCompile>
    <ClCompile Include="include\angelscript\add_on\scriptbuilder\scriptbuilder.cpp">
      <Filter>Script\AngelScript\Add-Ons</Filter>
    </ClCompile>
    <ClCompile Include="src\StringBinding.cpp">
      <Filter>Script\AngelScript</Filter>
    </ClCompile>
    <ClCompile Include="src\Socket.cpp">
      <Filter>Networking</Filter>
    </ClCompile>
    <ClCompile Include="src\BinarySerializer.cpp">
      <Filter>Serialization</Filter>
    </ClCompile>
    <ClCompile Include="src\Tests\BinarySerializerTests.cpp">
      <Filter>Tests</Filter>
    </ClCompile>
    <ClCompile Include="src\File.cpp">
      <Filter>File</Filter>
    </ClCompile>
    <ClCompile Include="src\EntityManager.cpp">
      <Filter>Entities</Filter>
    </ClCompile>
    <ClCompile Include="src\Tests\EntityManagerTests.cpp">
      <Filter>Tests</Filter>
    </ClCompile>
    <ClCompile Include="src\DoubleBuffer.cpp">
      <Filter>Containers</Filter>
    </ClCompile>
    <ClCompile Include="src\TrenchSystem.cpp">
      <Filter>Systems</Filter>
    </ClCompile>
    <ClCompile Include="src\SceneGraphSystem.cpp">
      <Filter>Systems</Filter>
    </ClCompile>
    <ClCompile Include="src\TransformComponent.cpp">
      <Filter>Components</Filter>
    </ClCompile>
    <ClCompile Include="src\Ray.cpp">
      <Filter>Math</Filter>
    </ClCompile>
    <ClCompile Include="src\MousePicking.cpp">
      <Filter>Input</Filter>
    </ClCompile>
    <ClCompile Include="src\IDebugDraw.cpp">
      <Filter>DebugUI</Filter>
    </ClCompile>
    <ClCompile Include="src\ShipSystem.cpp">
      <Filter>Systems</Filter>
    </ClCompile>
    <ClCompile Include="src\FrameTimer.cpp">
      <Filter>Application</Filter>
    </ClCompile>
    <ClCompile Include="src\ScriptComponent.cpp">
      <Filter>Components</Filter>
    </ClCompile>
    <ClCompile Include="src\Tests\ComponentHandleTests.cpp">
      <Filter>Tests</Filter>
    </ClCompile>
    <ClCompile Include="src\Tests\PlaneTests.cpp">
      <Filter>Tests</Filter>
    </ClCompile>
    <ClCompile Include="src\Tests\TerrainChunkTests.cpp">
      <Filter>Tests</Filter>
    </ClCompile>
    <ClCompile Include="src\Tests\ScriptSystemTests.cpp">
      <Filter>Tests</Filter>
    </ClCompile>
    <ClCompile Include="src\ScriptSystem.cpp">
      <Filter>Systems</Filter>
    </ClCompile>
    <ClCompile Include="src\LightComponent.cpp">
      <Filter>Components</Filter>
    </ClCompile>
    <ClCompile Include="src\ShakyCamera.cpp">
      <Filter>Rendering</Filter>
    </ClCompile>
    <ClCompile Include="src\FPSCamera.cpp">
      <Filter>Rendering</Filter>
    </ClCompile>
    <ClCompile Include="src\TerrainChunkComponent.cpp">
      <Filter>Components</Filter>
    </ClCompile>
    <ClCompile Include="src\Buffer.cpp">
      <Filter>Containers</Filter>
    </ClCompile>
    <ClCompile Include="src\ShaderHandle.cpp">
      <Filter>Rendering</Filter>
    </ClCompile>
  </ItemGroup>
  <ItemGroup>
    <None Include="src\Buffer.inl">
      <Filter>Containers</Filter>
    </None>
    <None Include="src\TypeInfo.inl">
      <Filter>Types</Filter>
    </None>
    <None Include="src\Vector.inl">
      <Filter>Containers</Filter>
    </None>
    <None Include="src\Array.inl">
      <Filter>Containers</Filter>
    </None>
    <None Include="src\Recorder.inl">
      <Filter>Properties</Filter>
    </None>
    <None Include="src\DenseVectorPool.inl">
      <Filter>Components\Pools</Filter>
    </None>
    <None Include="src\SortedVectorPool.inl">
      <Filter>Components\Pools</Filter>
    </None>
    <None Include="src\DenseMap.inl">
      <Filter>Containers</Filter>
    </None>
    <None Include="src\DenseMapPool.inl">
      <Filter>Components\Pools</Filter>
    </None>
    <None Include="src\RingBuffer.inl">
      <Filter>Containers</Filter>
    </None>
    <None Include="src\AngelScriptEngine.inl">
      <Filter>Script\AngelScript</Filter>
    </None>
    <None Include="src\EntityManager.inl">
      <Filter>Entities</Filter>
    </None>
    <None Include="src\DoubleBuffer.inl">
      <Filter>Containers</Filter>
    </None>
  </ItemGroup>
</Project>