Microsoft Visual Studio Solution File, Format Version 12.00
# Visual Studio 14
Project("{8BC9CEB8-8B4A-11D0-8D11-00A0C91BC942}") = "ALL_BUILD", "ALL_BUILD.vcxproj", "{05D866CF-0B53-4B1E-A87C-4FF1B182A103}"
	ProjectSection(ProjectDependencies) = postProject
		{30D5E991-997A-4534-8F7B-1E4135958415} = {30D5E991-997A-4534-8F7B-1E4135958415}
		{F1042D16-1071-4444-BEC0-0688497C2D8E} = {F1042D16-1071-4444-BEC0-0688497C2D8E}
		{5D206D16-A70C-44EA-AEF9-7695E49C57A3} = {5D206D16-A70C-44EA-AEF9-7695E49C57A3}
		{6C2974BF-99A6-434B-8B25-E813901D9E25} = {6C2974BF-99A6-434B-8B25-E813901D9E25}
		{E08687C6-AFDA-4048-9182-2B55B693CB4D} = {E08687C6-AFDA-4048-9182-2B55B693CB4D}
		{B6EE1F39-7EE8-4335-8920-C508967B16DB} = {B6EE1F39-7EE8-4335-8920-C508967B16DB}
		{97B820C1-AEA1-4AD9-8357-6B0DA1D472C6} = {97B820C1-AEA1-4AD9-8357-6B0DA1D472C6}
		{48713F53-3142-41F3-BB49-4D2E198E5177} = {48713F53-3142-41F3-BB49-4D2E198E5177}
	EndProjectSection
EndProject
Project("{8BC9CEB8-8B4A-11D0-8D11-00A0C91BC942}") = "Corrade", "src\Corrade\Corrade.vcxproj", "{14E0A4A3-BE3E-4FA8-BC05-5C82B1C8C59D}"
	ProjectSection(ProjectDependencies) = postProject
		{97B820C1-AEA1-4AD9-8357-6B0DA1D472C6} = {97B820C1-AEA1-4AD9-8357-6B0DA1D472C6}
	EndProjectSection
EndProject
Project("{8BC9CEB8-8B4A-11D0-8D11-00A0C91BC942}") = "CorradeContainers", "src\Corrade\Containers\CorradeContainers.vcxproj", "{A7F58437-C84C-417C-AECF-4B2FE11BB51D}"
	ProjectSection(ProjectDependencies) = postProject
		{97B820C1-AEA1-4AD9-8357-6B0DA1D472C6} = {97B820C1-AEA1-4AD9-8357-6B0DA1D472C6}
	EndProjectSection
EndProject
Project("{8BC9CEB8-8B4A-11D0-8D11-00A0C91BC942}") = "CorradeInterconnect", "src\Corrade\Interconnect\CorradeInterconnect.vcxproj", "{30D5E991-997A-4534-8F7B-1E4135958415}"
	ProjectSection(ProjectDependencies) = postProject
		{E08687C6-AFDA-4048-9182-2B55B693CB4D} = {E08687C6-AFDA-4048-9182-2B55B693CB4D}
		{97B820C1-AEA1-4AD9-8357-6B0DA1D472C6} = {97B820C1-AEA1-4AD9-8357-6B0DA1D472C6}
	EndProjectSection
EndProject
Project("{8BC9CEB8-8B4A-11D0-8D11-00A0C91BC942}") = "CorradePluginManager", "src\Corrade\PluginManager\CorradePluginManager.vcxproj", "{F1042D16-1071-4444-BEC0-0688497C2D8E}"
	ProjectSection(ProjectDependencies) = postProject
		{5D206D16-A70C-44EA-AEF9-7695E49C57A3} = {5D206D16-A70C-44EA-AEF9-7695E49C57A3}
		{E08687C6-AFDA-4048-9182-2B55B693CB4D} = {E08687C6-AFDA-4048-9182-2B55B693CB4D}
		{97B820C1-AEA1-4AD9-8357-6B0DA1D472C6} = {97B820C1-AEA1-4AD9-8357-6B0DA1D472C6}
	EndProjectSection
EndProject
Project("{8BC9CEB8-8B4A-11D0-8D11-00A0C91BC942}") = "CorradePluginManagerObjects", "src\Corrade\PluginManager\CorradePluginManagerObjects.vcxproj", "{5D206D16-A70C-44EA-AEF9-7695E49C57A3}"
	ProjectSection(ProjectDependencies) = postProject
		{97B820C1-AEA1-4AD9-8357-6B0DA1D472C6} = {97B820C1-AEA1-4AD9-8357-6B0DA1D472C6}
	EndProjectSection
EndProject
Project("{8BC9CEB8-8B4A-11D0-8D11-00A0C91BC942}") = "CorradeTestSuite", "src\Corrade\TestSuite\CorradeTestSuite.vcxproj", "{6C2974BF-99A6-434B-8B25-E813901D9E25}"
	ProjectSection(ProjectDependencies) = postProject
		{E08687C6-AFDA-4048-9182-2B55B693CB4D} = {E08687C6-AFDA-4048-9182-2B55B693CB4D}
		{97B820C1-AEA1-4AD9-8357-6B0DA1D472C6} = {97B820C1-AEA1-4AD9-8357-6B0DA1D472C6}
	EndProjectSection
EndProject
Project("{8BC9CEB8-8B4A-11D0-8D11-00A0C91BC942}") = "CorradeTestSuiteCompare", "src\Corrade\TestSuite\Compare\CorradeTestSuiteCompare.vcxproj", "{AE2C74B5-B869-4F7E-A7AF-D233AF20228D}"
	ProjectSection(ProjectDependencies) = postProject
		{97B820C1-AEA1-4AD9-8357-6B0DA1D472C6} = {97B820C1-AEA1-4AD9-8357-6B0DA1D472C6}
	EndProjectSection
EndProject
Project("{8BC9CEB8-8B4A-11D0-8D11-00A0C91BC942}") = "CorradeUtility", "src\Corrade\Utility\CorradeUtility.vcxproj", "{E08687C6-AFDA-4048-9182-2B55B693CB4D}"
	ProjectSection(ProjectDependencies) = postProject
		{B6EE1F39-7EE8-4335-8920-C508967B16DB} = {B6EE1F39-7EE8-4335-8920-C508967B16DB}
		{97B820C1-AEA1-4AD9-8357-6B0DA1D472C6} = {97B820C1-AEA1-4AD9-8357-6B0DA1D472C6}
	EndProjectSection
EndProject
Project("{8BC9CEB8-8B4A-11D0-8D11-00A0C91BC942}") = "CorradeUtilityObjects", "src\Corrade\Utility\CorradeUtilityObjects.vcxproj", "{B6EE1F39-7EE8-4335-8920-C508967B16DB}"
	ProjectSection(ProjectDependencies) = postProject
		{97B820C1-AEA1-4AD9-8357-6B0DA1D472C6} = {97B820C1-AEA1-4AD9-8357-6B0DA1D472C6}
	EndProjectSection
EndProject
Project("{8BC9CEB8-8B4A-11D0-8D11-00A0C91BC942}") = "INSTALL", "INSTALL.vcxproj", "{9753A6D7-8848-4521-93BB-C6DF696E5F51}"
	ProjectSection(ProjectDependencies) = postProject
		{05D866CF-0B53-4B1E-A87C-4FF1B182A103} = {05D866CF-0B53-4B1E-A87C-4FF1B182A103}
	EndProjectSection
EndProject
Project("{8BC9CEB8-8B4A-11D0-8D11-00A0C91BC942}") = "ZERO_CHECK", "ZERO_CHECK.vcxproj", "{97B820C1-AEA1-4AD9-8357-6B0DA1D472C6}"
	ProjectSection(ProjectDependencies) = postProject
	EndProjectSection
EndProject
Project("{8BC9CEB8-8B4A-11D0-8D11-00A0C91BC942}") = "corrade-rc", "src\Corrade\Utility\corrade-rc.vcxproj", "{48713F53-3142-41F3-BB49-4D2E198E5177}"
	ProjectSection(ProjectDependencies) = postProject
		{E08687C6-AFDA-4048-9182-2B55B693CB4D} = {E08687C6-AFDA-4048-9182-2B55B693CB4D}
		{97B820C1-AEA1-4AD9-8357-6B0DA1D472C6} = {97B820C1-AEA1-4AD9-8357-6B0DA1D472C6}
	EndProjectSection
EndProject
Global
	GlobalSection(SolutionConfigurationPlatforms) = preSolution
		Debug|x64 = Debug|x64
		Release|x64 = Release|x64
		MinSizeRel|x64 = MinSizeRel|x64
		RelWithDebInfo|x64 = RelWithDebInfo|x64
	EndGlobalSection
	GlobalSection(ProjectConfigurationPlatforms) = postSolution
		{05D866CF-0B53-4B1E-A87C-4FF1B182A103}.Debug|x64.ActiveCfg = Debug|x64
		{05D866CF-0B53-4B1E-A87C-4FF1B182A103}.Debug|x64.Build.0 = Debug|x64
		{05D866CF-0B53-4B1E-A87C-4FF1B182A103}.Release|x64.ActiveCfg = Release|x64
		{05D866CF-0B53-4B1E-A87C-4FF1B182A103}.Release|x64.Build.0 = Release|x64
		{05D866CF-0B53-4B1E-A87C-4FF1B182A103}.MinSizeRel|x64.ActiveCfg = MinSizeRel|x64
		{05D866CF-0B53-4B1E-A87C-4FF1B182A103}.MinSizeRel|x64.Build.0 = MinSizeRel|x64
		{05D866CF-0B53-4B1E-A87C-4FF1B182A103}.RelWithDebInfo|x64.ActiveCfg = RelWithDebInfo|x64
		{05D866CF-0B53-4B1E-A87C-4FF1B182A103}.RelWithDebInfo|x64.Build.0 = RelWithDebInfo|x64
		{14E0A4A3-BE3E-4FA8-BC05-5C82B1C8C59D}.Debug|x64.ActiveCfg = Debug|x64
		{14E0A4A3-BE3E-4FA8-BC05-5C82B1C8C59D}.Release|x64.ActiveCfg = Release|x64
		{14E0A4A3-BE3E-4FA8-BC05-5C82B1C8C59D}.MinSizeRel|x64.ActiveCfg = MinSizeRel|x64
		{14E0A4A3-BE3E-4FA8-BC05-5C82B1C8C59D}.RelWithDebInfo|x64.ActiveCfg = RelWithDebInfo|x64
		{A7F58437-C84C-417C-AECF-4B2FE11BB51D}.Debug|x64.ActiveCfg = Debug|x64
		{A7F58437-C84C-417C-AECF-4B2FE11BB51D}.Release|x64.ActiveCfg = Release|x64
		{A7F58437-C84C-417C-AECF-4B2FE11BB51D}.MinSizeRel|x64.ActiveCfg = MinSizeRel|x64
		{A7F58437-C84C-417C-AECF-4B2FE11BB51D}.RelWithDebInfo|x64.ActiveCfg = RelWithDebInfo|x64
		{30D5E991-997A-4534-8F7B-1E4135958415}.Debug|x64.ActiveCfg = Debug|x64
		{30D5E991-997A-4534-8F7B-1E4135958415}.Debug|x64.Build.0 = Debug|x64
		{30D5E991-997A-4534-8F7B-1E4135958415}.Release|x64.ActiveCfg = Release|x64
		{30D5E991-997A-4534-8F7B-1E4135958415}.Release|x64.Build.0 = Release|x64
		{30D5E991-997A-4534-8F7B-1E4135958415}.MinSizeRel|x64.ActiveCfg = MinSizeRel|x64
		{30D5E991-997A-4534-8F7B-1E4135958415}.MinSizeRel|x64.Build.0 = MinSizeRel|x64
		{30D5E991-997A-4534-8F7B-1E4135958415}.RelWithDebInfo|x64.ActiveCfg = RelWithDebInfo|x64
		{30D5E991-997A-4534-8F7B-1E4135958415}.RelWithDebInfo|x64.Build.0 = RelWithDebInfo|x64
		{F1042D16-1071-4444-BEC0-0688497C2D8E}.Debug|x64.ActiveCfg = Debug|x64
		{F1042D16-1071-4444-BEC0-0688497C2D8E}.Debug|x64.Build.0 = Debug|x64
		{F1042D16-1071-4444-BEC0-0688497C2D8E}.Release|x64.ActiveCfg = Release|x64
		{F1042D16-1071-4444-BEC0-0688497C2D8E}.Release|x64.Build.0 = Release|x64
		{F1042D16-1071-4444-BEC0-0688497C2D8E}.MinSizeRel|x64.ActiveCfg = MinSizeRel|x64
		{F1042D16-1071-4444-BEC0-0688497C2D8E}.MinSizeRel|x64.Build.0 = MinSizeRel|x64
		{F1042D16-1071-4444-BEC0-0688497C2D8E}.RelWithDebInfo|x64.ActiveCfg = RelWithDebInfo|x64
		{F1042D16-1071-4444-BEC0-0688497C2D8E}.RelWithDebInfo|x64.Build.0 = RelWithDebInfo|x64
		{5D206D16-A70C-44EA-AEF9-7695E49C57A3}.Debug|x64.ActiveCfg = Debug|x64
		{5D206D16-A70C-44EA-AEF9-7695E49C57A3}.Debug|x64.Build.0 = Debug|x64
		{5D206D16-A70C-44EA-AEF9-7695E49C57A3}.Release|x64.ActiveCfg = Release|x64
		{5D206D16-A70C-44EA-AEF9-7695E49C57A3}.Release|x64.Build.0 = Release|x64
		{5D206D16-A70C-44EA-AEF9-7695E49C57A3}.MinSizeRel|x64.ActiveCfg = MinSizeRel|x64
		{5D206D16-A70C-44EA-AEF9-7695E49C57A3}.MinSizeRel|x64.Build.0 = MinSizeRel|x64
		{5D206D16-A70C-44EA-AEF9-7695E49C57A3}.RelWithDebInfo|x64.ActiveCfg = RelWithDebInfo|x64
		{5D206D16-A70C-44EA-AEF9-7695E49C57A3}.RelWithDebInfo|x64.Build.0 = RelWithDebInfo|x64
		{6C2974BF-99A6-434B-8B25-E813901D9E25}.Debug|x64.ActiveCfg = Debug|x64
		{6C2974BF-99A6-434B-8B25-E813901D9E25}.Debug|x64.Build.0 = Debug|x64
		{6C2974BF-99A6-434B-8B25-E813901D9E25}.Release|x64.ActiveCfg = Release|x64
		{6C2974BF-99A6-434B-8B25-E813901D9E25}.Release|x64.Build.0 = Release|x64
		{6C2974BF-99A6-434B-8B25-E813901D9E25}.MinSizeRel|x64.ActiveCfg = MinSizeRel|x64
		{6C2974BF-99A6-434B-8B25-E813901D9E25}.MinSizeRel|x64.Build.0 = MinSizeRel|x64
		{6C2974BF-99A6-434B-8B25-E813901D9E25}.RelWithDebInfo|x64.ActiveCfg = RelWithDebInfo|x64
		{6C2974BF-99A6-434B-8B25-E813901D9E25}.RelWithDebInfo|x64.Build.0 = RelWithDebInfo|x64
		{AE2C74B5-B869-4F7E-A7AF-D233AF20228D}.Debug|x64.ActiveCfg = Debug|x64
		{AE2C74B5-B869-4F7E-A7AF-D233AF20228D}.Release|x64.ActiveCfg = Release|x64
		{AE2C74B5-B869-4F7E-A7AF-D233AF20228D}.MinSizeRel|x64.ActiveCfg = MinSizeRel|x64
		{AE2C74B5-B869-4F7E-A7AF-D233AF20228D}.RelWithDebInfo|x64.ActiveCfg = RelWithDebInfo|x64
		{E08687C6-AFDA-4048-9182-2B55B693CB4D}.Debug|x64.ActiveCfg = Debug|x64
		{E08687C6-AFDA-4048-9182-2B55B693CB4D}.Debug|x64.Build.0 = Debug|x64
		{E08687C6-AFDA-4048-9182-2B55B693CB4D}.Release|x64.ActiveCfg = Release|x64
		{E08687C6-AFDA-4048-9182-2B55B693CB4D}.Release|x64.Build.0 = Release|x64
		{E08687C6-AFDA-4048-9182-2B55B693CB4D}.MinSizeRel|x64.ActiveCfg = MinSizeRel|x64
		{E08687C6-AFDA-4048-9182-2B55B693CB4D}.MinSizeRel|x64.Build.0 = MinSizeRel|x64
		{E08687C6-AFDA-4048-9182-2B55B693CB4D}.RelWithDebInfo|x64.ActiveCfg = RelWithDebInfo|x64
		{E08687C6-AFDA-4048-9182-2B55B693CB4D}.RelWithDebInfo|x64.Build.0 = RelWithDebInfo|x64
		{B6EE1F39-7EE8-4335-8920-C508967B16DB}.Debug|x64.ActiveCfg = Debug|x64
		{B6EE1F39-7EE8-4335-8920-C508967B16DB}.Debug|x64.Build.0 = Debug|x64
		{B6EE1F39-7EE8-4335-8920-C508967B16DB}.Release|x64.ActiveCfg = Release|x64
		{B6EE1F39-7EE8-4335-8920-C508967B16DB}.Release|x64.Build.0 = Release|x64
		{B6EE1F39-7EE8-4335-8920-C508967B16DB}.MinSizeRel|x64.ActiveCfg = MinSizeRel|x64
		{B6EE1F39-7EE8-4335-8920-C508967B16DB}.MinSizeRel|x64.Build.0 = MinSizeRel|x64
		{B6EE1F39-7EE8-4335-8920-C508967B16DB}.RelWithDebInfo|x64.ActiveCfg = RelWithDebInfo|x64
		{B6EE1F39-7EE8-4335-8920-C508967B16DB}.RelWithDebInfo|x64.Build.0 = RelWithDebInfo|x64
		{9753A6D7-8848-4521-93BB-C6DF696E5F51}.Debug|x64.ActiveCfg = Debug|x64
		{9753A6D7-8848-4521-93BB-C6DF696E5F51}.Release|x64.ActiveCfg = Release|x64
		{9753A6D7-8848-4521-93BB-C6DF696E5F51}.MinSizeRel|x64.ActiveCfg = MinSizeRel|x64
		{9753A6D7-8848-4521-93BB-C6DF696E5F51}.RelWithDebInfo|x64.ActiveCfg = RelWithDebInfo|x64
		{97B820C1-AEA1-4AD9-8357-6B0DA1D472C6}.Debug|x64.ActiveCfg = Debug|x64
		{97B820C1-AEA1-4AD9-8357-6B0DA1D472C6}.Debug|x64.Build.0 = Debug|x64
		{97B820C1-AEA1-4AD9-8357-6B0DA1D472C6}.Release|x64.ActiveCfg = Release|x64
		{97B820C1-AEA1-4AD9-8357-6B0DA1D472C6}.Release|x64.Build.0 = Release|x64
		{97B820C1-AEA1-4AD9-8357-6B0DA1D472C6}.MinSizeRel|x64.ActiveCfg = MinSizeRel|x64
		{97B820C1-AEA1-4AD9-8357-6B0DA1D472C6}.MinSizeRel|x64.Build.0 = MinSizeRel|x64
		{97B820C1-AEA1-4AD9-8357-6B0DA1D472C6}.RelWithDebInfo|x64.ActiveCfg = RelWithDebInfo|x64
		{97B820C1-AEA1-4AD9-8357-6B0DA1D472C6}.RelWithDebInfo|x64.Build.0 = RelWithDebInfo|x64
		{48713F53-3142-41F3-BB49-4D2E198E5177}.Debug|x64.ActiveCfg = Debug|x64
		{48713F53-3142-41F3-BB49-4D2E198E5177}.Debug|x64.Build.0 = Debug|x64
		{48713F53-3142-41F3-BB49-4D2E198E5177}.Release|x64.ActiveCfg = Release|x64
		{48713F53-3142-41F3-BB49-4D2E198E5177}.Release|x64.Build.0 = Release|x64
		{48713F53-3142-41F3-BB49-4D2E198E5177}.MinSizeRel|x64.ActiveCfg = MinSizeRel|x64
		{48713F53-3142-41F3-BB49-4D2E198E5177}.MinSizeRel|x64.Build.0 = MinSizeRel|x64
		{48713F53-3142-41F3-BB49-4D2E198E5177}.RelWithDebInfo|x64.ActiveCfg = RelWithDebInfo|x64
		{48713F53-3142-41F3-BB49-4D2E198E5177}.RelWithDebInfo|x64.Build.0 = RelWithDebInfo|x64
	EndGlobalSection
	GlobalSection(ExtensibilityGlobals) = postSolution
	EndGlobalSection
	GlobalSection(ExtensibilityAddIns) = postSolution
	EndGlobalSection
EndGlobal
