<?xml version="1.0" encoding="UTF-8"?>
<Project ToolsVersion="14.0" xmlns="http://schemas.microsoft.com/developer/msbuild/2003">
  <ItemGroup>
    <CustomBuild Include="D:\Work\DD\include\assimp\CMakeLists.txt" />
    <CustomBuild Include="D:\Work\DD\include\assimp\CMakeFiles\298213f6561c41d6e64689d041c25231\uninstall.rule">
      <Filter>CMake Rules</Filter>
    </CustomBuild>
  </ItemGroup>
  <ItemGroup>
    <None Include="D:\Work\DD\include\assimp\CMakeFiles\uninstall" />
  </ItemGroup>
  <ItemGroup>
    <Filter Include="CMake Rules">
      <UniqueIdentifier>{E3420908-D8F3-4576-BAB7-116614D3552E}</UniqueIdentifier>
    </Filter>
  </ItemGroup>
</Project>
